// !$*UTF8*$!
{
	archiveVersion = 1;
	classes = {
	};
	objectVersion = 42;
	objects = {

/* Begin PBXBuildFile section */
		92AC3A2E14642A7E005B8029 /* typer.cpp in Sources */ = {isa = PBXBuildFile; fileRef = 92AC3A2C14642A7E005B8029 /* typer.cpp */; };
		92AC3A8C146441B0005B8029 /* citySelector.cpp in Sources */ = {isa = PBXBuildFile; fileRef = 92AC3A8B146441B0005B8029 /* citySelector.cpp */; };
		92AC3A98146443F1005B8029 /* tinyxml.cpp in Sources */ = {isa = PBXBuildFile; fileRef = 92AC3A91146443F1005B8029 /* tinyxml.cpp */; };
		92AC3A99146443F1005B8029 /* tinyxmlerror.cpp in Sources */ = {isa = PBXBuildFile; fileRef = 92AC3A93146443F1005B8029 /* tinyxmlerror.cpp */; };
		92AC3A9A146443F1005B8029 /* tinyxmlparser.cpp in Sources */ = {isa = PBXBuildFile; fileRef = 92AC3A94146443F1005B8029 /* tinyxmlparser.cpp */; };
		92AC3A9B146443F1005B8029 /* ofxXmlSettings.cpp in Sources */ = {isa = PBXBuildFile; fileRef = 92AC3A96146443F1005B8029 /* ofxXmlSettings.cpp */; };
		933D3F69143A648D00D26894 /* PreviewView.cpp in Sources */ = {isa = PBXBuildFile; fileRef = 933D3F68143A648D00D26894 /* PreviewView.cpp */; };
		933D3F6E143A67E200D26894 /* TapView.cpp in Sources */ = {isa = PBXBuildFile; fileRef = 933D3F6D143A67E200D26894 /* TapView.cpp */; };
		933D4021143BA55B00D26894 /* CDataScanner.m in Sources */ = {isa = PBXBuildFile; fileRef = 933D3FAC143BA55B00D26894 /* CDataScanner.m */; };
		933D4022143BA55B00D26894 /* CFilteringJSONSerializer.m in Sources */ = {isa = PBXBuildFile; fileRef = 933D3FAF143BA55B00D26894 /* CFilteringJSONSerializer.m */; };
		933D4023143BA55B00D26894 /* CJSONDeserializer_BlocksExtensions.m in Sources */ = {isa = PBXBuildFile; fileRef = 933D3FB1143BA55B00D26894 /* CJSONDeserializer_BlocksExtensions.m */; };
		933D4024143BA55B00D26894 /* CJSONSerialization.m in Sources */ = {isa = PBXBuildFile; fileRef = 933D3FB3143BA55B00D26894 /* CJSONSerialization.m */; };
		933D4025143BA55B00D26894 /* CJSONSerializedData.m in Sources */ = {isa = PBXBuildFile; fileRef = 933D3FB5143BA55B00D26894 /* CJSONSerializedData.m */; };
		933D4026143BA55B00D26894 /* CDataScanner_Extensions.m in Sources */ = {isa = PBXBuildFile; fileRef = 933D3FB8143BA55B00D26894 /* CDataScanner_Extensions.m */; };
		933D4027143BA55B00D26894 /* NSDictionary_JSONExtensions.m in Sources */ = {isa = PBXBuildFile; fileRef = 933D3FBA143BA55B00D26894 /* NSDictionary_JSONExtensions.m */; };
		933D4028143BA55B00D26894 /* CJSONDeserializer.m in Sources */ = {isa = PBXBuildFile; fileRef = 933D3FBD143BA55B00D26894 /* CJSONDeserializer.m */; };
		933D4029143BA55B00D26894 /* CJSONScanner.m in Sources */ = {isa = PBXBuildFile; fileRef = 933D3FBF143BA55B00D26894 /* CJSONScanner.m */; };
		933D402A143BA55B00D26894 /* CJSONSerializer.m in Sources */ = {isa = PBXBuildFile; fileRef = 933D3FC1143BA55B00D26894 /* CJSONSerializer.m */; };
		933D4110143BA59000D26894 /* ASIDataCompressor.m in Sources */ = {isa = PBXBuildFile; fileRef = 933D4072143BA59000D26894 /* ASIDataCompressor.m */; };
		933D4111143BA59000D26894 /* ASIDataDecompressor.m in Sources */ = {isa = PBXBuildFile; fileRef = 933D4074143BA59000D26894 /* ASIDataDecompressor.m */; };
		933D4112143BA59000D26894 /* ASIDownloadCache.m in Sources */ = {isa = PBXBuildFile; fileRef = 933D4076143BA59000D26894 /* ASIDownloadCache.m */; };
		933D4113143BA59000D26894 /* ASIFormDataRequest.m in Sources */ = {isa = PBXBuildFile; fileRef = 933D4078143BA59000D26894 /* ASIFormDataRequest.m */; };
		933D4114143BA59000D26894 /* ASIHTTPRequest.m in Sources */ = {isa = PBXBuildFile; fileRef = 933D407A143BA59000D26894 /* ASIHTTPRequest.m */; };
		933D4115143BA59000D26894 /* ASIInputStream.m in Sources */ = {isa = PBXBuildFile; fileRef = 933D407E143BA59000D26894 /* ASIInputStream.m */; };
		933D4116143BA59000D26894 /* ASINetworkQueue.m in Sources */ = {isa = PBXBuildFile; fileRef = 933D4080143BA59000D26894 /* ASINetworkQueue.m */; };
		9346813A1454F10000CD6E1A /* ofxEasing.cpp in Sources */ = {isa = PBXBuildFile; fileRef = 934681061454F0FF00CD6E1A /* ofxEasing.cpp */; };
		9346813B1454F10000CD6E1A /* ofxEasingBack.cpp in Sources */ = {isa = PBXBuildFile; fileRef = 934681081454F0FF00CD6E1A /* ofxEasingBack.cpp */; };
		9346813C1454F10000CD6E1A /* ofxEasingBounce.cpp in Sources */ = {isa = PBXBuildFile; fileRef = 9346810A1454F0FF00CD6E1A /* ofxEasingBounce.cpp */; };
		9346813D1454F10000CD6E1A /* ofxEasingCirc.cpp in Sources */ = {isa = PBXBuildFile; fileRef = 9346810C1454F0FF00CD6E1A /* ofxEasingCirc.cpp */; };
		9346813E1454F10000CD6E1A /* ofxEasingCubic.cpp in Sources */ = {isa = PBXBuildFile; fileRef = 9346810E1454F0FF00CD6E1A /* ofxEasingCubic.cpp */; };
		9346813F1454F10000CD6E1A /* ofxEasingElastic.cpp in Sources */ = {isa = PBXBuildFile; fileRef = 934681101454F0FF00CD6E1A /* ofxEasingElastic.cpp */; };
		934681401454F10000CD6E1A /* ofxEasingExpo.cpp in Sources */ = {isa = PBXBuildFile; fileRef = 934681121454F0FF00CD6E1A /* ofxEasingExpo.cpp */; };
		934681411454F10000CD6E1A /* ofxEasingLinear.cpp in Sources */ = {isa = PBXBuildFile; fileRef = 934681141454F0FF00CD6E1A /* ofxEasingLinear.cpp */; };
		934681421454F10000CD6E1A /* ofxEasingQuad.cpp in Sources */ = {isa = PBXBuildFile; fileRef = 934681161454F0FF00CD6E1A /* ofxEasingQuad.cpp */; };
		934681431454F10000CD6E1A /* ofxEasingQuart.cpp in Sources */ = {isa = PBXBuildFile; fileRef = 934681181454F0FF00CD6E1A /* ofxEasingQuart.cpp */; };
		934681441454F10000CD6E1A /* ofxEasingQuint.cpp in Sources */ = {isa = PBXBuildFile; fileRef = 9346811A1454F0FF00CD6E1A /* ofxEasingQuint.cpp */; };
		934681451454F10000CD6E1A /* ofxEasingSine.cpp in Sources */ = {isa = PBXBuildFile; fileRef = 9346811C1454F0FF00CD6E1A /* ofxEasingSine.cpp */; };
		934681461454F10000CD6E1A /* ofxTween.cpp in Sources */ = {isa = PBXBuildFile; fileRef = 9346811E1454F0FF00CD6E1A /* ofxTween.cpp */; };
		9353FB051451F6B600EA6BE9 /* EmailView.cpp in Sources */ = {isa = PBXBuildFile; fileRef = 9353FB041451F6B600EA6BE9 /* EmailView.cpp */; };
		9375F96E143F5CE7008077AB /* opencv.a in Frameworks */ = {isa = PBXBuildFile; fileRef = 9375F95A143F5CE7008077AB /* opencv.a */; };
		9375F96F143F5CE7008077AB /* ofxCvColorImage.cpp in Sources */ = {isa = PBXBuildFile; fileRef = 9375F95D143F5CE7008077AB /* ofxCvColorImage.cpp */; };
		9375F970143F5CE7008077AB /* ofxCvContourFinder.cpp in Sources */ = {isa = PBXBuildFile; fileRef = 9375F960143F5CE7008077AB /* ofxCvContourFinder.cpp */; };
		9375F971143F5CE7008077AB /* ofxCvFloatImage.cpp in Sources */ = {isa = PBXBuildFile; fileRef = 9375F962143F5CE7008077AB /* ofxCvFloatImage.cpp */; };
		9375F972143F5CE7008077AB /* ofxCvGrayscaleImage.cpp in Sources */ = {isa = PBXBuildFile; fileRef = 9375F964143F5CE7008077AB /* ofxCvGrayscaleImage.cpp */; };
		9375F973143F5CE7008077AB /* ofxCvHaarFinder.cpp in Sources */ = {isa = PBXBuildFile; fileRef = 9375F966143F5CE7008077AB /* ofxCvHaarFinder.cpp */; };
		9375F974143F5CE7008077AB /* ofxCvImage.cpp in Sources */ = {isa = PBXBuildFile; fileRef = 9375F968143F5CE7008077AB /* ofxCvImage.cpp */; };
		9375F975143F5CE7008077AB /* ofxCvShortImage.cpp in Sources */ = {isa = PBXBuildFile; fileRef = 9375F96B143F5CE7008077AB /* ofxCvShortImage.cpp */; };
		9375F995143F680B008077AB /* ofxQtVideoSaver.cpp in Sources */ = {isa = PBXBuildFile; fileRef = 9375F98F143F680B008077AB /* ofxQtVideoSaver.cpp */; };
		9375F996143F680B008077AB /* ofxQtVideoSaverH264.cpp in Sources */ = {isa = PBXBuildFile; fileRef = 9375F991143F680B008077AB /* ofxQtVideoSaverH264.cpp */; };
		9375F99A143F682F008077AB /* threadMovieLoader.cpp in Sources */ = {isa = PBXBuildFile; fileRef = 9375F998143F682F008077AB /* threadMovieLoader.cpp */; };
		9375F9C1143F936D008077AB /* VideoRecordingUtils.cpp in Sources */ = {isa = PBXBuildFile; fileRef = 9375F9BF143F936D008077AB /* VideoRecordingUtils.cpp */; };
		93E65BE9142F82CF0077ED48 /* Helper.mm in Sources */ = {isa = PBXBuildFile; fileRef = 93E65BE8142F82CF0077ED48 /* Helper.mm */; };
		93E65C1E143004880077ED48 /* CoreVideo.framework in Frameworks */ = {isa = PBXBuildFile; fileRef = 93E65C1D143004880077ED48 /* CoreVideo.framework */; };
		93E65C9F1431004A0077ED48 /* SystemConfiguration.framework in Frameworks */ = {isa = PBXBuildFile; fileRef = 93E65C9E1431004A0077ED48 /* SystemConfiguration.framework */; };
		93E65CA1143100600077ED48 /* libz.dylib in Frameworks */ = {isa = PBXBuildFile; fileRef = 93E65CA0143100600077ED48 /* libz.dylib */; };
		BBAB23CB13894F3D00AA2426 /* GLUT.framework in CopyFiles */ = {isa = PBXBuildFile; fileRef = BBAB23BE13894E4700AA2426 /* GLUT.framework */; };
		E4328149138ABC9F0047C5CB /* openFrameworks.a in Frameworks */ = {isa = PBXBuildFile; fileRef = E4328148138ABC890047C5CB /* openFrameworks.a */; };
		E45BE97B0E8CC7DD009D7055 /* AGL.framework in Frameworks */ = {isa = PBXBuildFile; fileRef = E45BE9710E8CC7DD009D7055 /* AGL.framework */; };
		E45BE97C0E8CC7DD009D7055 /* ApplicationServices.framework in Frameworks */ = {isa = PBXBuildFile; fileRef = E45BE9720E8CC7DD009D7055 /* ApplicationServices.framework */; };
		E45BE97D0E8CC7DD009D7055 /* AudioToolbox.framework in Frameworks */ = {isa = PBXBuildFile; fileRef = E45BE9730E8CC7DD009D7055 /* AudioToolbox.framework */; };
		E45BE97E0E8CC7DD009D7055 /* Carbon.framework in Frameworks */ = {isa = PBXBuildFile; fileRef = E45BE9740E8CC7DD009D7055 /* Carbon.framework */; };
		E45BE97F0E8CC7DD009D7055 /* CoreAudio.framework in Frameworks */ = {isa = PBXBuildFile; fileRef = E45BE9750E8CC7DD009D7055 /* CoreAudio.framework */; };
		E45BE9800E8CC7DD009D7055 /* CoreFoundation.framework in Frameworks */ = {isa = PBXBuildFile; fileRef = E45BE9760E8CC7DD009D7055 /* CoreFoundation.framework */; };
		E45BE9810E8CC7DD009D7055 /* CoreServices.framework in Frameworks */ = {isa = PBXBuildFile; fileRef = E45BE9770E8CC7DD009D7055 /* CoreServices.framework */; };
		E45BE9830E8CC7DD009D7055 /* OpenGL.framework in Frameworks */ = {isa = PBXBuildFile; fileRef = E45BE9790E8CC7DD009D7055 /* OpenGL.framework */; };
		E45BE9840E8CC7DD009D7055 /* QuickTime.framework in Frameworks */ = {isa = PBXBuildFile; fileRef = E45BE97A0E8CC7DD009D7055 /* QuickTime.framework */; };
		E4B69E200A3A1BDC003C02F2 /* main.mm in Sources */ = {isa = PBXBuildFile; fileRef = E4B69E1D0A3A1BDC003C02F2 /* main.mm */; };
		E4B69E210A3A1BDC003C02F2 /* testApp.mm in Sources */ = {isa = PBXBuildFile; fileRef = E4B69E1E0A3A1BDC003C02F2 /* testApp.mm */; };
		E4C2424710CC5A17004149E2 /* AppKit.framework in Frameworks */ = {isa = PBXBuildFile; fileRef = E4C2424410CC5A17004149E2 /* AppKit.framework */; };
		E4C2424810CC5A17004149E2 /* Cocoa.framework in Frameworks */ = {isa = PBXBuildFile; fileRef = E4C2424510CC5A17004149E2 /* Cocoa.framework */; };
		E4C2424910CC5A17004149E2 /* IOKit.framework in Frameworks */ = {isa = PBXBuildFile; fileRef = E4C2424610CC5A17004149E2 /* IOKit.framework */; };
		E4EB6799138ADC1D00A09F29 /* GLUT.framework in Frameworks */ = {isa = PBXBuildFile; fileRef = BBAB23BE13894E4700AA2426 /* GLUT.framework */; };
/* End PBXBuildFile section */

/* Begin PBXContainerItemProxy section */
		E4328147138ABC890047C5CB /* PBXContainerItemProxy */ = {
			isa = PBXContainerItemProxy;
			containerPortal = E4328143138ABC890047C5CB /* openFrameworksLib.xcodeproj */;
			proxyType = 2;
			remoteGlobalIDString = E4B27C1510CBEB8E00536013;
			remoteInfo = openFrameworks;
		};
		E4EEB9AB138B136A00A80321 /* PBXContainerItemProxy */ = {
			isa = PBXContainerItemProxy;
			containerPortal = E4328143138ABC890047C5CB /* openFrameworksLib.xcodeproj */;
			proxyType = 1;
			remoteGlobalIDString = E4B27C1410CBEB8E00536013;
			remoteInfo = openFrameworks;
		};
/* End PBXContainerItemProxy section */

/* Begin PBXCopyFilesBuildPhase section */
		E4C2427710CC5ABF004149E2 /* CopyFiles */ = {
			isa = PBXCopyFilesBuildPhase;
			buildActionMask = 2147483647;
			dstPath = "";
			dstSubfolderSpec = 10;
			files = (
				BBAB23CB13894F3D00AA2426 /* GLUT.framework in CopyFiles */,
			);
			runOnlyForDeploymentPostprocessing = 0;
		};
/* End PBXCopyFilesBuildPhase section */

/* Begin PBXFileReference section */
		92AC3A2C14642A7E005B8029 /* typer.cpp */ = {isa = PBXFileReference; fileEncoding = 4; lastKnownFileType = sourcecode.cpp.cpp; path = typer.cpp; sourceTree = "<group>"; };
		92AC3A2D14642A7E005B8029 /* typer.h */ = {isa = PBXFileReference; fileEncoding = 4; lastKnownFileType = sourcecode.c.h; path = typer.h; sourceTree = "<group>"; };
		92AC3A8A146441B0005B8029 /* citySelector.h */ = {isa = PBXFileReference; fileEncoding = 4; lastKnownFileType = sourcecode.c.h; path = citySelector.h; sourceTree = "<group>"; };
		92AC3A8B146441B0005B8029 /* citySelector.cpp */ = {isa = PBXFileReference; fileEncoding = 4; lastKnownFileType = sourcecode.cpp.cpp; path = citySelector.cpp; sourceTree = "<group>"; };
		92AC3A8F146443F1005B8029 /* install.xml */ = {isa = PBXFileReference; fileEncoding = 4; lastKnownFileType = text.xml; path = install.xml; sourceTree = "<group>"; };
		92AC3A91146443F1005B8029 /* tinyxml.cpp */ = {isa = PBXFileReference; fileEncoding = 4; lastKnownFileType = sourcecode.cpp.cpp; path = tinyxml.cpp; sourceTree = "<group>"; };
		92AC3A92146443F1005B8029 /* tinyxml.h */ = {isa = PBXFileReference; fileEncoding = 4; lastKnownFileType = sourcecode.c.h; path = tinyxml.h; sourceTree = "<group>"; };
		92AC3A93146443F1005B8029 /* tinyxmlerror.cpp */ = {isa = PBXFileReference; fileEncoding = 4; lastKnownFileType = sourcecode.cpp.cpp; path = tinyxmlerror.cpp; sourceTree = "<group>"; };
		92AC3A94146443F1005B8029 /* tinyxmlparser.cpp */ = {isa = PBXFileReference; fileEncoding = 4; lastKnownFileType = sourcecode.cpp.cpp; path = tinyxmlparser.cpp; sourceTree = "<group>"; };
		92AC3A96146443F1005B8029 /* ofxXmlSettings.cpp */ = {isa = PBXFileReference; fileEncoding = 4; lastKnownFileType = sourcecode.cpp.cpp; path = ofxXmlSettings.cpp; sourceTree = "<group>"; };
		92AC3A97146443F1005B8029 /* ofxXmlSettings.h */ = {isa = PBXFileReference; fileEncoding = 4; lastKnownFileType = sourcecode.c.h; path = ofxXmlSettings.h; sourceTree = "<group>"; };
		933D3F68143A648D00D26894 /* PreviewView.cpp */ = {isa = PBXFileReference; fileEncoding = 4; lastKnownFileType = sourcecode.cpp.cpp; path = PreviewView.cpp; sourceTree = "<group>"; };
		933D3F6A143A649700D26894 /* PreviewView.h */ = {isa = PBXFileReference; fileEncoding = 4; lastKnownFileType = sourcecode.c.h; path = PreviewView.h; sourceTree = "<group>"; };
		933D3F6C143A67D600D26894 /* TapView.h */ = {isa = PBXFileReference; fileEncoding = 4; lastKnownFileType = sourcecode.c.h; path = TapView.h; sourceTree = "<group>"; };
		933D3F6D143A67E200D26894 /* TapView.cpp */ = {isa = PBXFileReference; fileEncoding = 4; lastKnownFileType = sourcecode.cpp.cpp; path = TapView.cpp; sourceTree = "<group>"; };
		933D3FAB143BA55B00D26894 /* CDataScanner.h */ = {isa = PBXFileReference; fileEncoding = 4; lastKnownFileType = sourcecode.c.h; path = CDataScanner.h; sourceTree = "<group>"; };
		933D3FAC143BA55B00D26894 /* CDataScanner.m */ = {isa = PBXFileReference; fileEncoding = 4; lastKnownFileType = sourcecode.c.objc; path = CDataScanner.m; sourceTree = "<group>"; };
		933D3FAE143BA55B00D26894 /* CFilteringJSONSerializer.h */ = {isa = PBXFileReference; fileEncoding = 4; lastKnownFileType = sourcecode.c.h; path = CFilteringJSONSerializer.h; sourceTree = "<group>"; };
		933D3FAF143BA55B00D26894 /* CFilteringJSONSerializer.m */ = {isa = PBXFileReference; fileEncoding = 4; lastKnownFileType = sourcecode.c.objc; path = CFilteringJSONSerializer.m; sourceTree = "<group>"; };
		933D3FB0143BA55B00D26894 /* CJSONDeserializer_BlocksExtensions.h */ = {isa = PBXFileReference; fileEncoding = 4; lastKnownFileType = sourcecode.c.h; path = CJSONDeserializer_BlocksExtensions.h; sourceTree = "<group>"; };
		933D3FB1143BA55B00D26894 /* CJSONDeserializer_BlocksExtensions.m */ = {isa = PBXFileReference; fileEncoding = 4; lastKnownFileType = sourcecode.c.objc; path = CJSONDeserializer_BlocksExtensions.m; sourceTree = "<group>"; };
		933D3FB2143BA55B00D26894 /* CJSONSerialization.h */ = {isa = PBXFileReference; fileEncoding = 4; lastKnownFileType = sourcecode.c.h; path = CJSONSerialization.h; sourceTree = "<group>"; };
		933D3FB3143BA55B00D26894 /* CJSONSerialization.m */ = {isa = PBXFileReference; fileEncoding = 4; lastKnownFileType = sourcecode.c.objc; path = CJSONSerialization.m; sourceTree = "<group>"; };
		933D3FB4143BA55B00D26894 /* CJSONSerializedData.h */ = {isa = PBXFileReference; fileEncoding = 4; lastKnownFileType = sourcecode.c.h; path = CJSONSerializedData.h; sourceTree = "<group>"; };
		933D3FB5143BA55B00D26894 /* CJSONSerializedData.m */ = {isa = PBXFileReference; fileEncoding = 4; lastKnownFileType = sourcecode.c.objc; path = CJSONSerializedData.m; sourceTree = "<group>"; };
		933D3FB7143BA55B00D26894 /* CDataScanner_Extensions.h */ = {isa = PBXFileReference; fileEncoding = 4; lastKnownFileType = sourcecode.c.h; path = CDataScanner_Extensions.h; sourceTree = "<group>"; };
		933D3FB8143BA55B00D26894 /* CDataScanner_Extensions.m */ = {isa = PBXFileReference; fileEncoding = 4; lastKnownFileType = sourcecode.c.objc; path = CDataScanner_Extensions.m; sourceTree = "<group>"; };
		933D3FB9143BA55B00D26894 /* NSDictionary_JSONExtensions.h */ = {isa = PBXFileReference; fileEncoding = 4; lastKnownFileType = sourcecode.c.h; path = NSDictionary_JSONExtensions.h; sourceTree = "<group>"; };
		933D3FBA143BA55B00D26894 /* NSDictionary_JSONExtensions.m */ = {isa = PBXFileReference; fileEncoding = 4; lastKnownFileType = sourcecode.c.objc; path = NSDictionary_JSONExtensions.m; sourceTree = "<group>"; };
		933D3FBC143BA55B00D26894 /* CJSONDeserializer.h */ = {isa = PBXFileReference; fileEncoding = 4; lastKnownFileType = sourcecode.c.h; path = CJSONDeserializer.h; sourceTree = "<group>"; };
		933D3FBD143BA55B00D26894 /* CJSONDeserializer.m */ = {isa = PBXFileReference; fileEncoding = 4; lastKnownFileType = sourcecode.c.objc; path = CJSONDeserializer.m; sourceTree = "<group>"; };
		933D3FBE143BA55B00D26894 /* CJSONScanner.h */ = {isa = PBXFileReference; fileEncoding = 4; lastKnownFileType = sourcecode.c.h; path = CJSONScanner.h; sourceTree = "<group>"; };
		933D3FBF143BA55B00D26894 /* CJSONScanner.m */ = {isa = PBXFileReference; fileEncoding = 4; lastKnownFileType = sourcecode.c.objc; path = CJSONScanner.m; sourceTree = "<group>"; };
		933D3FC0143BA55B00D26894 /* CJSONSerializer.h */ = {isa = PBXFileReference; fileEncoding = 4; lastKnownFileType = sourcecode.c.h; path = CJSONSerializer.h; sourceTree = "<group>"; };
		933D3FC1143BA55B00D26894 /* CJSONSerializer.m */ = {isa = PBXFileReference; fileEncoding = 4; lastKnownFileType = sourcecode.c.objc; path = CJSONSerializer.m; sourceTree = "<group>"; };
		933D3FC2143BA55B00D26894 /* JSONRepresentation.h */ = {isa = PBXFileReference; fileEncoding = 4; lastKnownFileType = sourcecode.c.h; path = JSONRepresentation.h; sourceTree = "<group>"; };
		933D4070143BA59000D26894 /* ASICacheDelegate.h */ = {isa = PBXFileReference; fileEncoding = 4; lastKnownFileType = sourcecode.c.h; path = ASICacheDelegate.h; sourceTree = "<group>"; };
		933D4071143BA59000D26894 /* ASIDataCompressor.h */ = {isa = PBXFileReference; fileEncoding = 4; lastKnownFileType = sourcecode.c.h; path = ASIDataCompressor.h; sourceTree = "<group>"; };
		933D4072143BA59000D26894 /* ASIDataCompressor.m */ = {isa = PBXFileReference; fileEncoding = 4; lastKnownFileType = sourcecode.c.objc; path = ASIDataCompressor.m; sourceTree = "<group>"; };
		933D4073143BA59000D26894 /* ASIDataDecompressor.h */ = {isa = PBXFileReference; fileEncoding = 4; lastKnownFileType = sourcecode.c.h; path = ASIDataDecompressor.h; sourceTree = "<group>"; };
		933D4074143BA59000D26894 /* ASIDataDecompressor.m */ = {isa = PBXFileReference; fileEncoding = 4; lastKnownFileType = sourcecode.c.objc; path = ASIDataDecompressor.m; sourceTree = "<group>"; };
		933D4075143BA59000D26894 /* ASIDownloadCache.h */ = {isa = PBXFileReference; fileEncoding = 4; lastKnownFileType = sourcecode.c.h; path = ASIDownloadCache.h; sourceTree = "<group>"; };
		933D4076143BA59000D26894 /* ASIDownloadCache.m */ = {isa = PBXFileReference; fileEncoding = 4; lastKnownFileType = sourcecode.c.objc; path = ASIDownloadCache.m; sourceTree = "<group>"; };
		933D4077143BA59000D26894 /* ASIFormDataRequest.h */ = {isa = PBXFileReference; fileEncoding = 4; lastKnownFileType = sourcecode.c.h; path = ASIFormDataRequest.h; sourceTree = "<group>"; };
		933D4078143BA59000D26894 /* ASIFormDataRequest.m */ = {isa = PBXFileReference; fileEncoding = 4; lastKnownFileType = sourcecode.c.objc; path = ASIFormDataRequest.m; sourceTree = "<group>"; };
		933D4079143BA59000D26894 /* ASIHTTPRequest.h */ = {isa = PBXFileReference; fileEncoding = 4; lastKnownFileType = sourcecode.c.h; path = ASIHTTPRequest.h; sourceTree = "<group>"; };
		933D407A143BA59000D26894 /* ASIHTTPRequest.m */ = {isa = PBXFileReference; fileEncoding = 4; lastKnownFileType = sourcecode.c.objc; path = ASIHTTPRequest.m; sourceTree = "<group>"; };
		933D407B143BA59000D26894 /* ASIHTTPRequestConfig.h */ = {isa = PBXFileReference; fileEncoding = 4; lastKnownFileType = sourcecode.c.h; path = ASIHTTPRequestConfig.h; sourceTree = "<group>"; };
		933D407C143BA59000D26894 /* ASIHTTPRequestDelegate.h */ = {isa = PBXFileReference; fileEncoding = 4; lastKnownFileType = sourcecode.c.h; path = ASIHTTPRequestDelegate.h; sourceTree = "<group>"; };
		933D407D143BA59000D26894 /* ASIInputStream.h */ = {isa = PBXFileReference; fileEncoding = 4; lastKnownFileType = sourcecode.c.h; path = ASIInputStream.h; sourceTree = "<group>"; };
		933D407E143BA59000D26894 /* ASIInputStream.m */ = {isa = PBXFileReference; fileEncoding = 4; lastKnownFileType = sourcecode.c.objc; path = ASIInputStream.m; sourceTree = "<group>"; };
		933D407F143BA59000D26894 /* ASINetworkQueue.h */ = {isa = PBXFileReference; fileEncoding = 4; lastKnownFileType = sourcecode.c.h; path = ASINetworkQueue.h; sourceTree = "<group>"; };
		933D4080143BA59000D26894 /* ASINetworkQueue.m */ = {isa = PBXFileReference; fileEncoding = 4; lastKnownFileType = sourcecode.c.objc; path = ASINetworkQueue.m; sourceTree = "<group>"; };
		933D4081143BA59000D26894 /* ASIProgressDelegate.h */ = {isa = PBXFileReference; fileEncoding = 4; lastKnownFileType = sourcecode.c.h; path = ASIProgressDelegate.h; sourceTree = "<group>"; };
		934681051454F0FF00CD6E1A /* easing_terms_of_use.html */ = {isa = PBXFileReference; fileEncoding = 4; lastKnownFileType = text.html; path = easing_terms_of_use.html; sourceTree = "<group>"; };
		934681061454F0FF00CD6E1A /* ofxEasing.cpp */ = {isa = PBXFileReference; fileEncoding = 4; lastKnownFileType = sourcecode.cpp.cpp; path = ofxEasing.cpp; sourceTree = "<group>"; };
		934681071454F0FF00CD6E1A /* ofxEasing.h */ = {isa = PBXFileReference; fileEncoding = 4; lastKnownFileType = sourcecode.c.h; path = ofxEasing.h; sourceTree = "<group>"; };
		934681081454F0FF00CD6E1A /* ofxEasingBack.cpp */ = {isa = PBXFileReference; fileEncoding = 4; lastKnownFileType = sourcecode.cpp.cpp; path = ofxEasingBack.cpp; sourceTree = "<group>"; };
		934681091454F0FF00CD6E1A /* ofxEasingBack.h */ = {isa = PBXFileReference; fileEncoding = 4; lastKnownFileType = sourcecode.c.h; path = ofxEasingBack.h; sourceTree = "<group>"; };
		9346810A1454F0FF00CD6E1A /* ofxEasingBounce.cpp */ = {isa = PBXFileReference; fileEncoding = 4; lastKnownFileType = sourcecode.cpp.cpp; path = ofxEasingBounce.cpp; sourceTree = "<group>"; };
		9346810B1454F0FF00CD6E1A /* ofxEasingBounce.h */ = {isa = PBXFileReference; fileEncoding = 4; lastKnownFileType = sourcecode.c.h; path = ofxEasingBounce.h; sourceTree = "<group>"; };
		9346810C1454F0FF00CD6E1A /* ofxEasingCirc.cpp */ = {isa = PBXFileReference; fileEncoding = 4; lastKnownFileType = sourcecode.cpp.cpp; path = ofxEasingCirc.cpp; sourceTree = "<group>"; };
		9346810D1454F0FF00CD6E1A /* ofxEasingCirc.h */ = {isa = PBXFileReference; fileEncoding = 4; lastKnownFileType = sourcecode.c.h; path = ofxEasingCirc.h; sourceTree = "<group>"; };
		9346810E1454F0FF00CD6E1A /* ofxEasingCubic.cpp */ = {isa = PBXFileReference; fileEncoding = 4; lastKnownFileType = sourcecode.cpp.cpp; path = ofxEasingCubic.cpp; sourceTree = "<group>"; };
		9346810F1454F0FF00CD6E1A /* ofxEasingCubic.h */ = {isa = PBXFileReference; fileEncoding = 4; lastKnownFileType = sourcecode.c.h; path = ofxEasingCubic.h; sourceTree = "<group>"; };
		934681101454F0FF00CD6E1A /* ofxEasingElastic.cpp */ = {isa = PBXFileReference; fileEncoding = 4; lastKnownFileType = sourcecode.cpp.cpp; path = ofxEasingElastic.cpp; sourceTree = "<group>"; };
		934681111454F0FF00CD6E1A /* ofxEasingElastic.h */ = {isa = PBXFileReference; fileEncoding = 4; lastKnownFileType = sourcecode.c.h; path = ofxEasingElastic.h; sourceTree = "<group>"; };
		934681121454F0FF00CD6E1A /* ofxEasingExpo.cpp */ = {isa = PBXFileReference; fileEncoding = 4; lastKnownFileType = sourcecode.cpp.cpp; path = ofxEasingExpo.cpp; sourceTree = "<group>"; };
		934681131454F0FF00CD6E1A /* ofxEasingExpo.h */ = {isa = PBXFileReference; fileEncoding = 4; lastKnownFileType = sourcecode.c.h; path = ofxEasingExpo.h; sourceTree = "<group>"; };
		934681141454F0FF00CD6E1A /* ofxEasingLinear.cpp */ = {isa = PBXFileReference; fileEncoding = 4; lastKnownFileType = sourcecode.cpp.cpp; path = ofxEasingLinear.cpp; sourceTree = "<group>"; };
		934681151454F0FF00CD6E1A /* ofxEasingLinear.h */ = {isa = PBXFileReference; fileEncoding = 4; lastKnownFileType = sourcecode.c.h; path = ofxEasingLinear.h; sourceTree = "<group>"; };
		934681161454F0FF00CD6E1A /* ofxEasingQuad.cpp */ = {isa = PBXFileReference; fileEncoding = 4; lastKnownFileType = sourcecode.cpp.cpp; path = ofxEasingQuad.cpp; sourceTree = "<group>"; };
		934681171454F0FF00CD6E1A /* ofxEasingQuad.h */ = {isa = PBXFileReference; fileEncoding = 4; lastKnownFileType = sourcecode.c.h; path = ofxEasingQuad.h; sourceTree = "<group>"; };
		934681181454F0FF00CD6E1A /* ofxEasingQuart.cpp */ = {isa = PBXFileReference; fileEncoding = 4; lastKnownFileType = sourcecode.cpp.cpp; path = ofxEasingQuart.cpp; sourceTree = "<group>"; };
		934681191454F0FF00CD6E1A /* ofxEasingQuart.h */ = {isa = PBXFileReference; fileEncoding = 4; lastKnownFileType = sourcecode.c.h; path = ofxEasingQuart.h; sourceTree = "<group>"; };
		9346811A1454F0FF00CD6E1A /* ofxEasingQuint.cpp */ = {isa = PBXFileReference; fileEncoding = 4; lastKnownFileType = sourcecode.cpp.cpp; path = ofxEasingQuint.cpp; sourceTree = "<group>"; };
		9346811B1454F0FF00CD6E1A /* ofxEasingQuint.h */ = {isa = PBXFileReference; fileEncoding = 4; lastKnownFileType = sourcecode.c.h; path = ofxEasingQuint.h; sourceTree = "<group>"; };
		9346811C1454F0FF00CD6E1A /* ofxEasingSine.cpp */ = {isa = PBXFileReference; fileEncoding = 4; lastKnownFileType = sourcecode.cpp.cpp; path = ofxEasingSine.cpp; sourceTree = "<group>"; };
		9346811D1454F0FF00CD6E1A /* ofxEasingSine.h */ = {isa = PBXFileReference; fileEncoding = 4; lastKnownFileType = sourcecode.c.h; path = ofxEasingSine.h; sourceTree = "<group>"; };
		9346811E1454F0FF00CD6E1A /* ofxTween.cpp */ = {isa = PBXFileReference; fileEncoding = 4; lastKnownFileType = sourcecode.cpp.cpp; path = ofxTween.cpp; sourceTree = "<group>"; };
		9346811F1454F0FF00CD6E1A /* ofxTween.h */ = {isa = PBXFileReference; fileEncoding = 4; lastKnownFileType = sourcecode.c.h; path = ofxTween.h; sourceTree = "<group>"; };
		9353FB031451F66500EA6BE9 /* EmailView.h */ = {isa = PBXFileReference; fileEncoding = 4; lastKnownFileType = sourcecode.c.h; path = EmailView.h; sourceTree = "<group>"; };
		9353FB041451F6B600EA6BE9 /* EmailView.cpp */ = {isa = PBXFileReference; fileEncoding = 4; lastKnownFileType = sourcecode.cpp.cpp; path = EmailView.cpp; sourceTree = "<group>"; };
		9375F904143F5CE7008077AB /* install.xml */ = {isa = PBXFileReference; fileEncoding = 4; lastKnownFileType = text.xml; path = install.xml; sourceTree = "<group>"; };
		9375F909143F5CE7008077AB /* cv.h */ = {isa = PBXFileReference; fileEncoding = 4; lastKnownFileType = sourcecode.c.h; path = cv.h; sourceTree = "<group>"; };
		9375F90A143F5CE7008077AB /* cv.hpp */ = {isa = PBXFileReference; fileEncoding = 4; lastKnownFileType = sourcecode.cpp.h; path = cv.hpp; sourceTree = "<group>"; };
		9375F90B143F5CE7008077AB /* cvaux.h */ = {isa = PBXFileReference; fileEncoding = 4; lastKnownFileType = sourcecode.c.h; path = cvaux.h; sourceTree = "<group>"; };
		9375F90C143F5CE7008077AB /* cvaux.hpp */ = {isa = PBXFileReference; fileEncoding = 4; lastKnownFileType = sourcecode.cpp.h; path = cvaux.hpp; sourceTree = "<group>"; };
		9375F90D143F5CE7008077AB /* cvwimage.h */ = {isa = PBXFileReference; fileEncoding = 4; lastKnownFileType = sourcecode.c.h; path = cvwimage.h; sourceTree = "<group>"; };
		9375F90E143F5CE7008077AB /* cxcore.h */ = {isa = PBXFileReference; fileEncoding = 4; lastKnownFileType = sourcecode.c.h; path = cxcore.h; sourceTree = "<group>"; };
		9375F90F143F5CE7008077AB /* cxcore.hpp */ = {isa = PBXFileReference; fileEncoding = 4; lastKnownFileType = sourcecode.cpp.h; path = cxcore.hpp; sourceTree = "<group>"; };
		9375F910143F5CE7008077AB /* cxeigen.hpp */ = {isa = PBXFileReference; fileEncoding = 4; lastKnownFileType = sourcecode.cpp.h; path = cxeigen.hpp; sourceTree = "<group>"; };
		9375F911143F5CE7008077AB /* cxmisc.h */ = {isa = PBXFileReference; fileEncoding = 4; lastKnownFileType = sourcecode.c.h; path = cxmisc.h; sourceTree = "<group>"; };
		9375F912143F5CE7008077AB /* highgui.h */ = {isa = PBXFileReference; fileEncoding = 4; lastKnownFileType = sourcecode.c.h; path = highgui.h; sourceTree = "<group>"; };
		9375F913143F5CE7008077AB /* ml.h */ = {isa = PBXFileReference; fileEncoding = 4; lastKnownFileType = sourcecode.c.h; path = ml.h; sourceTree = "<group>"; };
		9375F916143F5CE7008077AB /* calib3d.hpp */ = {isa = PBXFileReference; fileEncoding = 4; lastKnownFileType = sourcecode.cpp.h; path = calib3d.hpp; sourceTree = "<group>"; };
		9375F918143F5CE7008077AB /* contrib.hpp */ = {isa = PBXFileReference; fileEncoding = 4; lastKnownFileType = sourcecode.cpp.h; path = contrib.hpp; sourceTree = "<group>"; };
		9375F91A143F5CE7008077AB /* core.hpp */ = {isa = PBXFileReference; fileEncoding = 4; lastKnownFileType = sourcecode.cpp.h; path = core.hpp; sourceTree = "<group>"; };
		9375F91B143F5CE7008077AB /* core_c.h */ = {isa = PBXFileReference; fileEncoding = 4; lastKnownFileType = sourcecode.c.h; path = core_c.h; sourceTree = "<group>"; };
		9375F91C143F5CE7008077AB /* eigen.hpp */ = {isa = PBXFileReference; fileEncoding = 4; lastKnownFileType = sourcecode.cpp.h; path = eigen.hpp; sourceTree = "<group>"; };
		9375F91D143F5CE7008077AB /* internal.hpp */ = {isa = PBXFileReference; fileEncoding = 4; lastKnownFileType = sourcecode.cpp.h; path = internal.hpp; sourceTree = "<group>"; };
		9375F91E143F5CE7008077AB /* mat.hpp */ = {isa = PBXFileReference; fileEncoding = 4; lastKnownFileType = sourcecode.cpp.h; path = mat.hpp; sourceTree = "<group>"; };
		9375F91F143F5CE7008077AB /* operations.hpp */ = {isa = PBXFileReference; fileEncoding = 4; lastKnownFileType = sourcecode.cpp.h; path = operations.hpp; sourceTree = "<group>"; };
		9375F920143F5CE7008077AB /* types_c.h */ = {isa = PBXFileReference; fileEncoding = 4; lastKnownFileType = sourcecode.c.h; path = types_c.h; sourceTree = "<group>"; };
		9375F921143F5CE7008077AB /* version.hpp */ = {isa = PBXFileReference; fileEncoding = 4; lastKnownFileType = sourcecode.cpp.h; path = version.hpp; sourceTree = "<group>"; };
		9375F922143F5CE7008077AB /* wimage.hpp */ = {isa = PBXFileReference; fileEncoding = 4; lastKnownFileType = sourcecode.cpp.h; path = wimage.hpp; sourceTree = "<group>"; };
		9375F924143F5CE7008077AB /* features2d.hpp */ = {isa = PBXFileReference; fileEncoding = 4; lastKnownFileType = sourcecode.cpp.h; path = features2d.hpp; sourceTree = "<group>"; };
		9375F926143F5CE7008077AB /* all_indices.h */ = {isa = PBXFileReference; fileEncoding = 4; lastKnownFileType = sourcecode.c.h; path = all_indices.h; sourceTree = "<group>"; };
		9375F927143F5CE7008077AB /* allocator.h */ = {isa = PBXFileReference; fileEncoding = 4; lastKnownFileType = sourcecode.c.h; path = allocator.h; sourceTree = "<group>"; };
		9375F928143F5CE7008077AB /* autotuned_index.h */ = {isa = PBXFileReference; fileEncoding = 4; lastKnownFileType = sourcecode.c.h; path = autotuned_index.h; sourceTree = "<group>"; };
		9375F929143F5CE7008077AB /* composite_index.h */ = {isa = PBXFileReference; fileEncoding = 4; lastKnownFileType = sourcecode.c.h; path = composite_index.h; sourceTree = "<group>"; };
		9375F92A143F5CE7008077AB /* dist.h */ = {isa = PBXFileReference; fileEncoding = 4; lastKnownFileType = sourcecode.c.h; path = dist.h; sourceTree = "<group>"; };
		9375F92B143F5CE7008077AB /* flann.hpp */ = {isa = PBXFileReference; fileEncoding = 4; lastKnownFileType = sourcecode.cpp.h; path = flann.hpp; sourceTree = "<group>"; };
		9375F92C143F5CE7008077AB /* flann_base.hpp */ = {isa = PBXFileReference; fileEncoding = 4; lastKnownFileType = sourcecode.cpp.h; path = flann_base.hpp; sourceTree = "<group>"; };
		9375F92D143F5CE7008077AB /* general.h */ = {isa = PBXFileReference; fileEncoding = 4; lastKnownFileType = sourcecode.c.h; path = general.h; sourceTree = "<group>"; };
		9375F92E143F5CE7008077AB /* ground_truth.h */ = {isa = PBXFileReference; fileEncoding = 4; lastKnownFileType = sourcecode.c.h; path = ground_truth.h; sourceTree = "<group>"; };
		9375F92F143F5CE7008077AB /* hdf5.h */ = {isa = PBXFileReference; fileEncoding = 4; lastKnownFileType = sourcecode.c.h; path = hdf5.h; sourceTree = "<group>"; };
		9375F930143F5CE7008077AB /* heap.h */ = {isa = PBXFileReference; fileEncoding = 4; lastKnownFileType = sourcecode.c.h; path = heap.h; sourceTree = "<group>"; };
		9375F931143F5CE7008077AB /* index_testing.h */ = {isa = PBXFileReference; fileEncoding = 4; lastKnownFileType = sourcecode.c.h; path = index_testing.h; sourceTree = "<group>"; };
		9375F932143F5CE7008077AB /* kdtree_index.h */ = {isa = PBXFileReference; fileEncoding = 4; lastKnownFileType = sourcecode.c.h; path = kdtree_index.h; sourceTree = "<group>"; };
		9375F933143F5CE7008077AB /* kmeans_index.h */ = {isa = PBXFileReference; fileEncoding = 4; lastKnownFileType = sourcecode.c.h; path = kmeans_index.h; sourceTree = "<group>"; };
		9375F934143F5CE7008077AB /* linear_index.h */ = {isa = PBXFileReference; fileEncoding = 4; lastKnownFileType = sourcecode.c.h; path = linear_index.h; sourceTree = "<group>"; };
		9375F935143F5CE7008077AB /* logger.h */ = {isa = PBXFileReference; fileEncoding = 4; lastKnownFileType = sourcecode.c.h; path = logger.h; sourceTree = "<group>"; };
		9375F936143F5CE7008077AB /* matrix.h */ = {isa = PBXFileReference; fileEncoding = 4; lastKnownFileType = sourcecode.c.h; path = matrix.h; sourceTree = "<group>"; };
		9375F937143F5CE7008077AB /* nn_index.h */ = {isa = PBXFileReference; fileEncoding = 4; lastKnownFileType = sourcecode.c.h; path = nn_index.h; sourceTree = "<group>"; };
		9375F938143F5CE7008077AB /* object_factory.h */ = {isa = PBXFileReference; fileEncoding = 4; lastKnownFileType = sourcecode.c.h; path = object_factory.h; sourceTree = "<group>"; };
		9375F939143F5CE7008077AB /* random.h */ = {isa = PBXFileReference; fileEncoding = 4; lastKnownFileType = sourcecode.c.h; path = random.h; sourceTree = "<group>"; };
		9375F93A143F5CE7008077AB /* result_set.h */ = {isa = PBXFileReference; fileEncoding = 4; lastKnownFileType = sourcecode.c.h; path = result_set.h; sourceTree = "<group>"; };
		9375F93B143F5CE7008077AB /* sampling.h */ = {isa = PBXFileReference; fileEncoding = 4; lastKnownFileType = sourcecode.c.h; path = sampling.h; sourceTree = "<group>"; };
		9375F93C143F5CE7008077AB /* saving.h */ = {isa = PBXFileReference; fileEncoding = 4; lastKnownFileType = sourcecode.c.h; path = saving.h; sourceTree = "<group>"; };
		9375F93D143F5CE7008077AB /* simplex_downhill.h */ = {isa = PBXFileReference; fileEncoding = 4; lastKnownFileType = sourcecode.c.h; path = simplex_downhill.h; sourceTree = "<group>"; };
		9375F93E143F5CE7008077AB /* timer.h */ = {isa = PBXFileReference; fileEncoding = 4; lastKnownFileType = sourcecode.c.h; path = timer.h; sourceTree = "<group>"; };
		9375F940143F5CE7008077AB /* devmem2d.hpp */ = {isa = PBXFileReference; fileEncoding = 4; lastKnownFileType = sourcecode.cpp.h; path = devmem2d.hpp; sourceTree = "<group>"; };
		9375F941143F5CE7008077AB /* gpu.hpp */ = {isa = PBXFileReference; fileEncoding = 4; lastKnownFileType = sourcecode.cpp.h; path = gpu.hpp; sourceTree = "<group>"; };
		9375F942143F5CE7008077AB /* matrix_operations.hpp */ = {isa = PBXFileReference; fileEncoding = 4; lastKnownFileType = sourcecode.cpp.h; path = matrix_operations.hpp; sourceTree = "<group>"; };
		9375F943143F5CE7008077AB /* stream_accessor.hpp */ = {isa = PBXFileReference; fileEncoding = 4; lastKnownFileType = sourcecode.cpp.h; path = stream_accessor.hpp; sourceTree = "<group>"; };
		9375F945143F5CE7008077AB /* highgui.hpp */ = {isa = PBXFileReference; fileEncoding = 4; lastKnownFileType = sourcecode.cpp.h; path = highgui.hpp; sourceTree = "<group>"; };
		9375F946143F5CE7008077AB /* highgui_c.h */ = {isa = PBXFileReference; fileEncoding = 4; lastKnownFileType = sourcecode.c.h; path = highgui_c.h; sourceTree = "<group>"; };
		9375F948143F5CE7008077AB /* imgproc.hpp */ = {isa = PBXFileReference; fileEncoding = 4; lastKnownFileType = sourcecode.cpp.h; path = imgproc.hpp; sourceTree = "<group>"; };
		9375F949143F5CE7008077AB /* imgproc_c.h */ = {isa = PBXFileReference; fileEncoding = 4; lastKnownFileType = sourcecode.c.h; path = imgproc_c.h; sourceTree = "<group>"; };
		9375F94A143F5CE7008077AB /* types_c.h */ = {isa = PBXFileReference; fileEncoding = 4; lastKnownFileType = sourcecode.c.h; path = types_c.h; sourceTree = "<group>"; };
		9375F94C143F5CE7008077AB /* blobtrack.hpp */ = {isa = PBXFileReference; fileEncoding = 4; lastKnownFileType = sourcecode.cpp.h; path = blobtrack.hpp; sourceTree = "<group>"; };
		9375F94D143F5CE7008077AB /* compat.hpp */ = {isa = PBXFileReference; fileEncoding = 4; lastKnownFileType = sourcecode.cpp.h; path = compat.hpp; sourceTree = "<group>"; };
		9375F94E143F5CE7008077AB /* legacy.hpp */ = {isa = PBXFileReference; fileEncoding = 4; lastKnownFileType = sourcecode.cpp.h; path = legacy.hpp; sourceTree = "<group>"; };
		9375F94F143F5CE7008077AB /* streams.hpp */ = {isa = PBXFileReference; fileEncoding = 4; lastKnownFileType = sourcecode.cpp.h; path = streams.hpp; sourceTree = "<group>"; };
		9375F951143F5CE7008077AB /* ml.hpp */ = {isa = PBXFileReference; fileEncoding = 4; lastKnownFileType = sourcecode.cpp.h; path = ml.hpp; sourceTree = "<group>"; };
		9375F953143F5CE7008077AB /* objdetect.hpp */ = {isa = PBXFileReference; fileEncoding = 4; lastKnownFileType = sourcecode.cpp.h; path = objdetect.hpp; sourceTree = "<group>"; };
		9375F954143F5CE7008077AB /* opencv.hpp */ = {isa = PBXFileReference; fileEncoding = 4; lastKnownFileType = sourcecode.cpp.h; path = opencv.hpp; sourceTree = "<group>"; };
		9375F956143F5CE7008077AB /* background_segm.hpp */ = {isa = PBXFileReference; fileEncoding = 4; lastKnownFileType = sourcecode.cpp.h; path = background_segm.hpp; sourceTree = "<group>"; };
		9375F957143F5CE7008077AB /* tracking.hpp */ = {isa = PBXFileReference; fileEncoding = 4; lastKnownFileType = sourcecode.cpp.h; path = tracking.hpp; sourceTree = "<group>"; };
		9375F95A143F5CE7008077AB /* opencv.a */ = {isa = PBXFileReference; lastKnownFileType = archive.ar; path = opencv.a; sourceTree = "<group>"; };
		9375F95C143F5CE7008077AB /* ofxCvBlob.h */ = {isa = PBXFileReference; fileEncoding = 4; lastKnownFileType = sourcecode.c.h; path = ofxCvBlob.h; sourceTree = "<group>"; };
		9375F95D143F5CE7008077AB /* ofxCvColorImage.cpp */ = {isa = PBXFileReference; fileEncoding = 4; lastKnownFileType = sourcecode.cpp.cpp; path = ofxCvColorImage.cpp; sourceTree = "<group>"; };
		9375F95E143F5CE7008077AB /* ofxCvColorImage.h */ = {isa = PBXFileReference; fileEncoding = 4; lastKnownFileType = sourcecode.c.h; path = ofxCvColorImage.h; sourceTree = "<group>"; };
		9375F95F143F5CE7008077AB /* ofxCvConstants.h */ = {isa = PBXFileReference; fileEncoding = 4; lastKnownFileType = sourcecode.c.h; path = ofxCvConstants.h; sourceTree = "<group>"; };
		9375F960143F5CE7008077AB /* ofxCvContourFinder.cpp */ = {isa = PBXFileReference; fileEncoding = 4; lastKnownFileType = sourcecode.cpp.cpp; path = ofxCvContourFinder.cpp; sourceTree = "<group>"; };
		9375F961143F5CE7008077AB /* ofxCvContourFinder.h */ = {isa = PBXFileReference; fileEncoding = 4; lastKnownFileType = sourcecode.c.h; path = ofxCvContourFinder.h; sourceTree = "<group>"; };
		9375F962143F5CE7008077AB /* ofxCvFloatImage.cpp */ = {isa = PBXFileReference; fileEncoding = 4; lastKnownFileType = sourcecode.cpp.cpp; path = ofxCvFloatImage.cpp; sourceTree = "<group>"; };
		9375F963143F5CE7008077AB /* ofxCvFloatImage.h */ = {isa = PBXFileReference; fileEncoding = 4; lastKnownFileType = sourcecode.c.h; path = ofxCvFloatImage.h; sourceTree = "<group>"; };
		9375F964143F5CE7008077AB /* ofxCvGrayscaleImage.cpp */ = {isa = PBXFileReference; fileEncoding = 4; lastKnownFileType = sourcecode.cpp.cpp; path = ofxCvGrayscaleImage.cpp; sourceTree = "<group>"; };
		9375F965143F5CE7008077AB /* ofxCvGrayscaleImage.h */ = {isa = PBXFileReference; fileEncoding = 4; lastKnownFileType = sourcecode.c.h; path = ofxCvGrayscaleImage.h; sourceTree = "<group>"; };
		9375F966143F5CE7008077AB /* ofxCvHaarFinder.cpp */ = {isa = PBXFileReference; fileEncoding = 4; lastKnownFileType = sourcecode.cpp.cpp; path = ofxCvHaarFinder.cpp; sourceTree = "<group>"; };
		9375F967143F5CE7008077AB /* ofxCvHaarFinder.h */ = {isa = PBXFileReference; fileEncoding = 4; lastKnownFileType = sourcecode.c.h; path = ofxCvHaarFinder.h; sourceTree = "<group>"; };
		9375F968143F5CE7008077AB /* ofxCvImage.cpp */ = {isa = PBXFileReference; fileEncoding = 4; lastKnownFileType = sourcecode.cpp.cpp; path = ofxCvImage.cpp; sourceTree = "<group>"; };
		9375F969143F5CE7008077AB /* ofxCvImage.h */ = {isa = PBXFileReference; fileEncoding = 4; lastKnownFileType = sourcecode.c.h; path = ofxCvImage.h; sourceTree = "<group>"; };
		9375F96A143F5CE7008077AB /* ofxCvMain.h */ = {isa = PBXFileReference; fileEncoding = 4; lastKnownFileType = sourcecode.c.h; path = ofxCvMain.h; sourceTree = "<group>"; };
		9375F96B143F5CE7008077AB /* ofxCvShortImage.cpp */ = {isa = PBXFileReference; fileEncoding = 4; lastKnownFileType = sourcecode.cpp.cpp; path = ofxCvShortImage.cpp; sourceTree = "<group>"; };
		9375F96C143F5CE7008077AB /* ofxCvShortImage.h */ = {isa = PBXFileReference; fileEncoding = 4; lastKnownFileType = sourcecode.c.h; path = ofxCvShortImage.h; sourceTree = "<group>"; };
		9375F96D143F5CE7008077AB /* ofxOpenCv.h */ = {isa = PBXFileReference; fileEncoding = 4; lastKnownFileType = sourcecode.c.h; path = ofxOpenCv.h; sourceTree = "<group>"; };
		9375F97C143F5E7C008077AB /* ffmpeg */ = {isa = PBXFileReference; lastKnownFileType = "compiled.mach-o.executable"; name = ffmpeg; path = aaron/ffmpeg; sourceTree = "<group>"; };
		9375F97D143F5E7C008077AB /* ffmpeg_readme.txt */ = {isa = PBXFileReference; fileEncoding = 4; lastKnownFileType = text; name = ffmpeg_readme.txt; path = aaron/ffmpeg_readme.txt; sourceTree = "<group>"; };
		9375F98F143F680B008077AB /* ofxQtVideoSaver.cpp */ = {isa = PBXFileReference; fileEncoding = 4; lastKnownFileType = sourcecode.cpp.cpp; path = ofxQtVideoSaver.cpp; sourceTree = "<group>"; };
		9375F990143F680B008077AB /* ofxQtVideoSaver.h */ = {isa = PBXFileReference; fileEncoding = 4; lastKnownFileType = sourcecode.c.h; path = ofxQtVideoSaver.h; sourceTree = "<group>"; };
		9375F991143F680B008077AB /* ofxQtVideoSaverH264.cpp */ = {isa = PBXFileReference; fileEncoding = 4; lastKnownFileType = sourcecode.cpp.cpp; path = ofxQtVideoSaverH264.cpp; sourceTree = "<group>"; };
		9375F992143F680B008077AB /* ofxQtVideoSaverH264.h */ = {isa = PBXFileReference; fileEncoding = 4; lastKnownFileType = sourcecode.c.h; path = ofxQtVideoSaverH264.h; sourceTree = "<group>"; };
		9375F998143F682F008077AB /* threadMovieLoader.cpp */ = {isa = PBXFileReference; fileEncoding = 4; lastKnownFileType = sourcecode.cpp.cpp; path = threadMovieLoader.cpp; sourceTree = "<group>"; };
		9375F999143F682F008077AB /* threadMovieLoader.h */ = {isa = PBXFileReference; fileEncoding = 4; lastKnownFileType = sourcecode.c.h; path = threadMovieLoader.h; sourceTree = "<group>"; };
		9375F9BF143F936D008077AB /* VideoRecordingUtils.cpp */ = {isa = PBXFileReference; fileEncoding = 4; lastKnownFileType = sourcecode.cpp.cpp; path = VideoRecordingUtils.cpp; sourceTree = "<group>"; };
		9375F9C0143F936D008077AB /* VideoRecordingUtils.h */ = {isa = PBXFileReference; fileEncoding = 4; lastKnownFileType = sourcecode.c.h; path = VideoRecordingUtils.h; sourceTree = "<group>"; };
		93E65BE7142F82CF0077ED48 /* Helper.h */ = {isa = PBXFileReference; fileEncoding = 4; lastKnownFileType = sourcecode.c.h; path = Helper.h; sourceTree = "<group>"; };
		93E65BE8142F82CF0077ED48 /* Helper.mm */ = {isa = PBXFileReference; fileEncoding = 4; lastKnownFileType = sourcecode.cpp.objcpp; path = Helper.mm; sourceTree = "<group>"; };
		93E65C1D143004880077ED48 /* CoreVideo.framework */ = {isa = PBXFileReference; lastKnownFileType = wrapper.framework; name = CoreVideo.framework; path = /System/Library/Frameworks/CoreVideo.framework; sourceTree = "<absolute>"; };
		93E65C9E1431004A0077ED48 /* SystemConfiguration.framework */ = {isa = PBXFileReference; lastKnownFileType = wrapper.framework; name = SystemConfiguration.framework; path = /System/Library/Frameworks/SystemConfiguration.framework; sourceTree = "<absolute>"; };
		93E65CA0143100600077ED48 /* libz.dylib */ = {isa = PBXFileReference; lastKnownFileType = "compiled.mach-o.dylib"; name = libz.dylib; path = /usr/lib/libz.dylib; sourceTree = "<absolute>"; };
		BBAB23BE13894E4700AA2426 /* GLUT.framework */ = {isa = PBXFileReference; lastKnownFileType = wrapper.framework; name = GLUT.framework; path = ../../../libs/glut/lib/osx/GLUT.framework; sourceTree = "<group>"; };
		E4328143138ABC890047C5CB /* openFrameworksLib.xcodeproj */ = {isa = PBXFileReference; lastKnownFileType = "wrapper.pb-project"; name = openFrameworksLib.xcodeproj; path = ../../../libs/openFrameworksCompiled/project/osx/openFrameworksLib.xcodeproj; sourceTree = SOURCE_ROOT; };
		E45BE9710E8CC7DD009D7055 /* AGL.framework */ = {isa = PBXFileReference; lastKnownFileType = wrapper.framework; name = AGL.framework; path = /System/Library/Frameworks/AGL.framework; sourceTree = "<absolute>"; };
		E45BE9720E8CC7DD009D7055 /* ApplicationServices.framework */ = {isa = PBXFileReference; lastKnownFileType = wrapper.framework; name = ApplicationServices.framework; path = /System/Library/Frameworks/ApplicationServices.framework; sourceTree = "<absolute>"; };
		E45BE9730E8CC7DD009D7055 /* AudioToolbox.framework */ = {isa = PBXFileReference; lastKnownFileType = wrapper.framework; name = AudioToolbox.framework; path = /System/Library/Frameworks/AudioToolbox.framework; sourceTree = "<absolute>"; };
		E45BE9740E8CC7DD009D7055 /* Carbon.framework */ = {isa = PBXFileReference; lastKnownFileType = wrapper.framework; name = Carbon.framework; path = /System/Library/Frameworks/Carbon.framework; sourceTree = "<absolute>"; };
		E45BE9750E8CC7DD009D7055 /* CoreAudio.framework */ = {isa = PBXFileReference; lastKnownFileType = wrapper.framework; name = CoreAudio.framework; path = /System/Library/Frameworks/CoreAudio.framework; sourceTree = "<absolute>"; };
		E45BE9760E8CC7DD009D7055 /* CoreFoundation.framework */ = {isa = PBXFileReference; lastKnownFileType = wrapper.framework; name = CoreFoundation.framework; path = /System/Library/Frameworks/CoreFoundation.framework; sourceTree = "<absolute>"; };
		E45BE9770E8CC7DD009D7055 /* CoreServices.framework */ = {isa = PBXFileReference; lastKnownFileType = wrapper.framework; name = CoreServices.framework; path = /System/Library/Frameworks/CoreServices.framework; sourceTree = "<absolute>"; };
		E45BE9790E8CC7DD009D7055 /* OpenGL.framework */ = {isa = PBXFileReference; lastKnownFileType = wrapper.framework; name = OpenGL.framework; path = /System/Library/Frameworks/OpenGL.framework; sourceTree = "<absolute>"; };
		E45BE97A0E8CC7DD009D7055 /* QuickTime.framework */ = {isa = PBXFileReference; lastKnownFileType = wrapper.framework; name = QuickTime.framework; path = /System/Library/Frameworks/QuickTime.framework; sourceTree = "<absolute>"; };
		E4B69B5B0A3A1756003C02F2 /* DanceCaptureDebug.app */ = {isa = PBXFileReference; explicitFileType = wrapper.application; includeInIndex = 0; path = DanceCaptureDebug.app; sourceTree = BUILT_PRODUCTS_DIR; };
		E4B69E1D0A3A1BDC003C02F2 /* main.mm */ = {isa = PBXFileReference; fileEncoding = 30; lastKnownFileType = sourcecode.cpp.objcpp; name = main.mm; path = src/main.mm; sourceTree = SOURCE_ROOT; };
		E4B69E1E0A3A1BDC003C02F2 /* testApp.mm */ = {isa = PBXFileReference; fileEncoding = 30; lastKnownFileType = sourcecode.cpp.objcpp; name = testApp.mm; path = src/testApp.mm; sourceTree = SOURCE_ROOT; };
		E4B69E1F0A3A1BDC003C02F2 /* testApp.h */ = {isa = PBXFileReference; fileEncoding = 30; lastKnownFileType = sourcecode.c.h; name = testApp.h; path = src/testApp.h; sourceTree = SOURCE_ROOT; };
		E4B6FCAD0C3E899E008CF71C /* openFrameworks-Info.plist */ = {isa = PBXFileReference; fileEncoding = 30; lastKnownFileType = text.plist.xml; path = "openFrameworks-Info.plist"; sourceTree = "<group>"; };
		E4C2424410CC5A17004149E2 /* AppKit.framework */ = {isa = PBXFileReference; lastKnownFileType = wrapper.framework; name = AppKit.framework; path = /System/Library/Frameworks/AppKit.framework; sourceTree = "<absolute>"; };
		E4C2424510CC5A17004149E2 /* Cocoa.framework */ = {isa = PBXFileReference; lastKnownFileType = wrapper.framework; name = Cocoa.framework; path = /System/Library/Frameworks/Cocoa.framework; sourceTree = "<absolute>"; };
		E4C2424610CC5A17004149E2 /* IOKit.framework */ = {isa = PBXFileReference; lastKnownFileType = wrapper.framework; name = IOKit.framework; path = /System/Library/Frameworks/IOKit.framework; sourceTree = "<absolute>"; };
		E4EB691F138AFCF100A09F29 /* CoreOF.xcconfig */ = {isa = PBXFileReference; fileEncoding = 4; lastKnownFileType = text.xcconfig; name = CoreOF.xcconfig; path = ../../../libs/openFrameworksCompiled/project/osx/CoreOF.xcconfig; sourceTree = SOURCE_ROOT; };
		E4EB6923138AFD0F00A09F29 /* Project.xcconfig */ = {isa = PBXFileReference; fileEncoding = 4; lastKnownFileType = text.xcconfig; path = Project.xcconfig; sourceTree = "<group>"; };
/* End PBXFileReference section */

/* Begin PBXFrameworksBuildPhase section */
		E4B69B590A3A1756003C02F2 /* Frameworks */ = {
			isa = PBXFrameworksBuildPhase;
			buildActionMask = 2147483647;
			files = (
				93E65CA1143100600077ED48 /* libz.dylib in Frameworks */,
				93E65C9F1431004A0077ED48 /* SystemConfiguration.framework in Frameworks */,
				93E65C1E143004880077ED48 /* CoreVideo.framework in Frameworks */,
				E4EB6799138ADC1D00A09F29 /* GLUT.framework in Frameworks */,
				E4328149138ABC9F0047C5CB /* openFrameworks.a in Frameworks */,
				E45BE97B0E8CC7DD009D7055 /* AGL.framework in Frameworks */,
				E45BE97C0E8CC7DD009D7055 /* ApplicationServices.framework in Frameworks */,
				E45BE97D0E8CC7DD009D7055 /* AudioToolbox.framework in Frameworks */,
				E45BE97E0E8CC7DD009D7055 /* Carbon.framework in Frameworks */,
				E45BE97F0E8CC7DD009D7055 /* CoreAudio.framework in Frameworks */,
				E45BE9800E8CC7DD009D7055 /* CoreFoundation.framework in Frameworks */,
				E45BE9810E8CC7DD009D7055 /* CoreServices.framework in Frameworks */,
				E45BE9830E8CC7DD009D7055 /* OpenGL.framework in Frameworks */,
				E45BE9840E8CC7DD009D7055 /* QuickTime.framework in Frameworks */,
				E4C2424710CC5A17004149E2 /* AppKit.framework in Frameworks */,
				E4C2424810CC5A17004149E2 /* Cocoa.framework in Frameworks */,
				E4C2424910CC5A17004149E2 /* IOKit.framework in Frameworks */,
				9375F96E143F5CE7008077AB /* opencv.a in Frameworks */,
			);
			runOnlyForDeploymentPostprocessing = 0;
		};
/* End PBXFrameworksBuildPhase section */

/* Begin PBXGroup section */
		92AC3A2B14642A7E005B8029 /* utf8_help */ = {
			isa = PBXGroup;
			children = (
				92AC3A2C14642A7E005B8029 /* typer.cpp */,
				92AC3A2D14642A7E005B8029 /* typer.h */,
			);
			path = utf8_help;
			sourceTree = "<group>";
		};
		92AC3A8E146443F1005B8029 /* ofxXmlSettings */ = {
			isa = PBXGroup;
			children = (
				92AC3A8F146443F1005B8029 /* install.xml */,
				92AC3A90146443F1005B8029 /* libs */,
				92AC3A95146443F1005B8029 /* src */,
			);
			name = ofxXmlSettings;
			path = ../../../addons/ofxXmlSettings;
			sourceTree = SOURCE_ROOT;
		};
		92AC3A90146443F1005B8029 /* libs */ = {
			isa = PBXGroup;
			children = (
				92AC3A91146443F1005B8029 /* tinyxml.cpp */,
				92AC3A92146443F1005B8029 /* tinyxml.h */,
				92AC3A93146443F1005B8029 /* tinyxmlerror.cpp */,
				92AC3A94146443F1005B8029 /* tinyxmlparser.cpp */,
			);
			path = libs;
			sourceTree = "<group>";
		};
		92AC3A95146443F1005B8029 /* src */ = {
			isa = PBXGroup;
			children = (
				92AC3A96146443F1005B8029 /* ofxXmlSettings.cpp */,
				92AC3A97146443F1005B8029 /* ofxXmlSettings.h */,
			);
			path = src;
			sourceTree = "<group>";
		};
		933D3F80143BA55B00D26894 /* TouchJSON */ = {
			isa = PBXGroup;
			children = (
				933D3FAA143BA55B00D26894 /* Source */,
			);
			name = TouchJSON;
			path = Libraries/TouchJSON;
			sourceTree = "<group>";
		};
		933D3FAA143BA55B00D26894 /* Source */ = {
			isa = PBXGroup;
			children = (
				933D3FAB143BA55B00D26894 /* CDataScanner.h */,
				933D3FAC143BA55B00D26894 /* CDataScanner.m */,
				933D3FAD143BA55B00D26894 /* Experimental */,
				933D3FB6143BA55B00D26894 /* Extensions */,
				933D3FBB143BA55B00D26894 /* JSON */,
			);
			path = Source;
			sourceTree = "<group>";
		};
		933D3FAD143BA55B00D26894 /* Experimental */ = {
			isa = PBXGroup;
			children = (
				933D3FAE143BA55B00D26894 /* CFilteringJSONSerializer.h */,
				933D3FAF143BA55B00D26894 /* CFilteringJSONSerializer.m */,
				933D3FB0143BA55B00D26894 /* CJSONDeserializer_BlocksExtensions.h */,
				933D3FB1143BA55B00D26894 /* CJSONDeserializer_BlocksExtensions.m */,
				933D3FB2143BA55B00D26894 /* CJSONSerialization.h */,
				933D3FB3143BA55B00D26894 /* CJSONSerialization.m */,
				933D3FB4143BA55B00D26894 /* CJSONSerializedData.h */,
				933D3FB5143BA55B00D26894 /* CJSONSerializedData.m */,
			);
			path = Experimental;
			sourceTree = "<group>";
		};
		933D3FB6143BA55B00D26894 /* Extensions */ = {
			isa = PBXGroup;
			children = (
				933D3FB7143BA55B00D26894 /* CDataScanner_Extensions.h */,
				933D3FB8143BA55B00D26894 /* CDataScanner_Extensions.m */,
				933D3FB9143BA55B00D26894 /* NSDictionary_JSONExtensions.h */,
				933D3FBA143BA55B00D26894 /* NSDictionary_JSONExtensions.m */,
			);
			path = Extensions;
			sourceTree = "<group>";
		};
		933D3FBB143BA55B00D26894 /* JSON */ = {
			isa = PBXGroup;
			children = (
				933D3FBC143BA55B00D26894 /* CJSONDeserializer.h */,
				933D3FBD143BA55B00D26894 /* CJSONDeserializer.m */,
				933D3FBE143BA55B00D26894 /* CJSONScanner.h */,
				933D3FBF143BA55B00D26894 /* CJSONScanner.m */,
				933D3FC0143BA55B00D26894 /* CJSONSerializer.h */,
				933D3FC1143BA55B00D26894 /* CJSONSerializer.m */,
				933D3FC2143BA55B00D26894 /* JSONRepresentation.h */,
			);
			path = JSON;
			sourceTree = "<group>";
		};
		933D4041143BA59000D26894 /* ASIHTTPRequest */ = {
			isa = PBXGroup;
			children = (
				933D406D143BA59000D26894 /* Classes */,
			);
			name = ASIHTTPRequest;
			path = "Libraries/asi-http-request";
			sourceTree = "<group>";
		};
		933D406D143BA59000D26894 /* Classes */ = {
			isa = PBXGroup;
			children = (
				933D4070143BA59000D26894 /* ASICacheDelegate.h */,
				933D4071143BA59000D26894 /* ASIDataCompressor.h */,
				933D4072143BA59000D26894 /* ASIDataCompressor.m */,
				933D4073143BA59000D26894 /* ASIDataDecompressor.h */,
				933D4074143BA59000D26894 /* ASIDataDecompressor.m */,
				933D4075143BA59000D26894 /* ASIDownloadCache.h */,
				933D4076143BA59000D26894 /* ASIDownloadCache.m */,
				933D4077143BA59000D26894 /* ASIFormDataRequest.h */,
				933D4078143BA59000D26894 /* ASIFormDataRequest.m */,
				933D4079143BA59000D26894 /* ASIHTTPRequest.h */,
				933D407A143BA59000D26894 /* ASIHTTPRequest.m */,
				933D407B143BA59000D26894 /* ASIHTTPRequestConfig.h */,
				933D407C143BA59000D26894 /* ASIHTTPRequestDelegate.h */,
				933D407D143BA59000D26894 /* ASIInputStream.h */,
				933D407E143BA59000D26894 /* ASIInputStream.m */,
				933D407F143BA59000D26894 /* ASINetworkQueue.h */,
				933D4080143BA59000D26894 /* ASINetworkQueue.m */,
				933D4081143BA59000D26894 /* ASIProgressDelegate.h */,
			);
			path = Classes;
			sourceTree = "<group>";
		};
		934680A71454F0FF00CD6E1A /* ofxTween */ = {
			isa = PBXGroup;
			children = (
				934681031454F0FF00CD6E1A /* src */,
			);
			name = ofxTween;
			path = ../../../addons/ofxTween;
			sourceTree = "<group>";
		};
		934681031454F0FF00CD6E1A /* src */ = {
			isa = PBXGroup;
			children = (
				934681041454F0FF00CD6E1A /* Easings */,
				9346811E1454F0FF00CD6E1A /* ofxTween.cpp */,
				9346811F1454F0FF00CD6E1A /* ofxTween.h */,
			);
			path = src;
			sourceTree = "<group>";
		};
		934681041454F0FF00CD6E1A /* Easings */ = {
			isa = PBXGroup;
			children = (
				934681051454F0FF00CD6E1A /* easing_terms_of_use.html */,
				934681061454F0FF00CD6E1A /* ofxEasing.cpp */,
				934681071454F0FF00CD6E1A /* ofxEasing.h */,
				934681081454F0FF00CD6E1A /* ofxEasingBack.cpp */,
				934681091454F0FF00CD6E1A /* ofxEasingBack.h */,
				9346810A1454F0FF00CD6E1A /* ofxEasingBounce.cpp */,
				9346810B1454F0FF00CD6E1A /* ofxEasingBounce.h */,
				9346810C1454F0FF00CD6E1A /* ofxEasingCirc.cpp */,
				9346810D1454F0FF00CD6E1A /* ofxEasingCirc.h */,
				9346810E1454F0FF00CD6E1A /* ofxEasingCubic.cpp */,
				9346810F1454F0FF00CD6E1A /* ofxEasingCubic.h */,
				934681101454F0FF00CD6E1A /* ofxEasingElastic.cpp */,
				934681111454F0FF00CD6E1A /* ofxEasingElastic.h */,
				934681121454F0FF00CD6E1A /* ofxEasingExpo.cpp */,
				934681131454F0FF00CD6E1A /* ofxEasingExpo.h */,
				934681141454F0FF00CD6E1A /* ofxEasingLinear.cpp */,
				934681151454F0FF00CD6E1A /* ofxEasingLinear.h */,
				934681161454F0FF00CD6E1A /* ofxEasingQuad.cpp */,
				934681171454F0FF00CD6E1A /* ofxEasingQuad.h */,
				934681181454F0FF00CD6E1A /* ofxEasingQuart.cpp */,
				934681191454F0FF00CD6E1A /* ofxEasingQuart.h */,
				9346811A1454F0FF00CD6E1A /* ofxEasingQuint.cpp */,
				9346811B1454F0FF00CD6E1A /* ofxEasingQuint.h */,
				9346811C1454F0FF00CD6E1A /* ofxEasingSine.cpp */,
				9346811D1454F0FF00CD6E1A /* ofxEasingSine.h */,
			);
			path = Easings;
			sourceTree = "<group>";
		};
		9375F903143F5CE7008077AB /* ofxOpenCv */ = {
			isa = PBXGroup;
			children = (
				9375F904143F5CE7008077AB /* install.xml */,
				9375F905143F5CE7008077AB /* libs */,
				9375F95B143F5CE7008077AB /* src */,
			);
			name = ofxOpenCv;
			path = ../../../addons/ofxOpenCv;
			sourceTree = "<group>";
		};
		9375F905143F5CE7008077AB /* libs */ = {
			isa = PBXGroup;
			children = (
				9375F906143F5CE7008077AB /* opencv */,
			);
			path = libs;
			sourceTree = "<group>";
		};
		9375F906143F5CE7008077AB /* opencv */ = {
			isa = PBXGroup;
			children = (
				9375F907143F5CE7008077AB /* include */,
				9375F958143F5CE7008077AB /* lib */,
			);
			path = opencv;
			sourceTree = "<group>";
		};
		9375F907143F5CE7008077AB /* include */ = {
			isa = PBXGroup;
			children = (
				9375F908143F5CE7008077AB /* opencv */,
				9375F914143F5CE7008077AB /* opencv2 */,
			);
			path = include;
			sourceTree = "<group>";
		};
		9375F908143F5CE7008077AB /* opencv */ = {
			isa = PBXGroup;
			children = (
				9375F909143F5CE7008077AB /* cv.h */,
				9375F90A143F5CE7008077AB /* cv.hpp */,
				9375F90B143F5CE7008077AB /* cvaux.h */,
				9375F90C143F5CE7008077AB /* cvaux.hpp */,
				9375F90D143F5CE7008077AB /* cvwimage.h */,
				9375F90E143F5CE7008077AB /* cxcore.h */,
				9375F90F143F5CE7008077AB /* cxcore.hpp */,
				9375F910143F5CE7008077AB /* cxeigen.hpp */,
				9375F911143F5CE7008077AB /* cxmisc.h */,
				9375F912143F5CE7008077AB /* highgui.h */,
				9375F913143F5CE7008077AB /* ml.h */,
			);
			path = opencv;
			sourceTree = "<group>";
		};
		9375F914143F5CE7008077AB /* opencv2 */ = {
			isa = PBXGroup;
			children = (
				9375F915143F5CE7008077AB /* calib3d */,
				9375F917143F5CE7008077AB /* contrib */,
				9375F919143F5CE7008077AB /* core */,
				9375F923143F5CE7008077AB /* features2d */,
				9375F925143F5CE7008077AB /* flann */,
				9375F93F143F5CE7008077AB /* gpu */,
				9375F944143F5CE7008077AB /* highgui */,
				9375F947143F5CE7008077AB /* imgproc */,
				9375F94B143F5CE7008077AB /* legacy */,
				9375F950143F5CE7008077AB /* ml */,
				9375F952143F5CE7008077AB /* objdetect */,
				9375F954143F5CE7008077AB /* opencv.hpp */,
				9375F955143F5CE7008077AB /* video */,
			);
			path = opencv2;
			sourceTree = "<group>";
		};
		9375F915143F5CE7008077AB /* calib3d */ = {
			isa = PBXGroup;
			children = (
				9375F916143F5CE7008077AB /* calib3d.hpp */,
			);
			path = calib3d;
			sourceTree = "<group>";
		};
		9375F917143F5CE7008077AB /* contrib */ = {
			isa = PBXGroup;
			children = (
				9375F918143F5CE7008077AB /* contrib.hpp */,
			);
			path = contrib;
			sourceTree = "<group>";
		};
		9375F919143F5CE7008077AB /* core */ = {
			isa = PBXGroup;
			children = (
				9375F91A143F5CE7008077AB /* core.hpp */,
				9375F91B143F5CE7008077AB /* core_c.h */,
				9375F91C143F5CE7008077AB /* eigen.hpp */,
				9375F91D143F5CE7008077AB /* internal.hpp */,
				9375F91E143F5CE7008077AB /* mat.hpp */,
				9375F91F143F5CE7008077AB /* operations.hpp */,
				9375F920143F5CE7008077AB /* types_c.h */,
				9375F921143F5CE7008077AB /* version.hpp */,
				9375F922143F5CE7008077AB /* wimage.hpp */,
			);
			path = core;
			sourceTree = "<group>";
		};
		9375F923143F5CE7008077AB /* features2d */ = {
			isa = PBXGroup;
			children = (
				9375F924143F5CE7008077AB /* features2d.hpp */,
			);
			path = features2d;
			sourceTree = "<group>";
		};
		9375F925143F5CE7008077AB /* flann */ = {
			isa = PBXGroup;
			children = (
				9375F926143F5CE7008077AB /* all_indices.h */,
				9375F927143F5CE7008077AB /* allocator.h */,
				9375F928143F5CE7008077AB /* autotuned_index.h */,
				9375F929143F5CE7008077AB /* composite_index.h */,
				9375F92A143F5CE7008077AB /* dist.h */,
				9375F92B143F5CE7008077AB /* flann.hpp */,
				9375F92C143F5CE7008077AB /* flann_base.hpp */,
				9375F92D143F5CE7008077AB /* general.h */,
				9375F92E143F5CE7008077AB /* ground_truth.h */,
				9375F92F143F5CE7008077AB /* hdf5.h */,
				9375F930143F5CE7008077AB /* heap.h */,
				9375F931143F5CE7008077AB /* index_testing.h */,
				9375F932143F5CE7008077AB /* kdtree_index.h */,
				9375F933143F5CE7008077AB /* kmeans_index.h */,
				9375F934143F5CE7008077AB /* linear_index.h */,
				9375F935143F5CE7008077AB /* logger.h */,
				9375F936143F5CE7008077AB /* matrix.h */,
				9375F937143F5CE7008077AB /* nn_index.h */,
				9375F938143F5CE7008077AB /* object_factory.h */,
				9375F939143F5CE7008077AB /* random.h */,
				9375F93A143F5CE7008077AB /* result_set.h */,
				9375F93B143F5CE7008077AB /* sampling.h */,
				9375F93C143F5CE7008077AB /* saving.h */,
				9375F93D143F5CE7008077AB /* simplex_downhill.h */,
				9375F93E143F5CE7008077AB /* timer.h */,
			);
			path = flann;
			sourceTree = "<group>";
		};
		9375F93F143F5CE7008077AB /* gpu */ = {
			isa = PBXGroup;
			children = (
				9375F940143F5CE7008077AB /* devmem2d.hpp */,
				9375F941143F5CE7008077AB /* gpu.hpp */,
				9375F942143F5CE7008077AB /* matrix_operations.hpp */,
				9375F943143F5CE7008077AB /* stream_accessor.hpp */,
			);
			path = gpu;
			sourceTree = "<group>";
		};
		9375F944143F5CE7008077AB /* highgui */ = {
			isa = PBXGroup;
			children = (
				9375F945143F5CE7008077AB /* highgui.hpp */,
				9375F946143F5CE7008077AB /* highgui_c.h */,
			);
			path = highgui;
			sourceTree = "<group>";
		};
		9375F947143F5CE7008077AB /* imgproc */ = {
			isa = PBXGroup;
			children = (
				9375F948143F5CE7008077AB /* imgproc.hpp */,
				9375F949143F5CE7008077AB /* imgproc_c.h */,
				9375F94A143F5CE7008077AB /* types_c.h */,
			);
			path = imgproc;
			sourceTree = "<group>";
		};
		9375F94B143F5CE7008077AB /* legacy */ = {
			isa = PBXGroup;
			children = (
				9375F94C143F5CE7008077AB /* blobtrack.hpp */,
				9375F94D143F5CE7008077AB /* compat.hpp */,
				9375F94E143F5CE7008077AB /* legacy.hpp */,
				9375F94F143F5CE7008077AB /* streams.hpp */,
			);
			path = legacy;
			sourceTree = "<group>";
		};
		9375F950143F5CE7008077AB /* ml */ = {
			isa = PBXGroup;
			children = (
				9375F951143F5CE7008077AB /* ml.hpp */,
			);
			path = ml;
			sourceTree = "<group>";
		};
		9375F952143F5CE7008077AB /* objdetect */ = {
			isa = PBXGroup;
			children = (
				9375F953143F5CE7008077AB /* objdetect.hpp */,
			);
			path = objdetect;
			sourceTree = "<group>";
		};
		9375F955143F5CE7008077AB /* video */ = {
			isa = PBXGroup;
			children = (
				9375F956143F5CE7008077AB /* background_segm.hpp */,
				9375F957143F5CE7008077AB /* tracking.hpp */,
			);
			path = video;
			sourceTree = "<group>";
		};
		9375F958143F5CE7008077AB /* lib */ = {
			isa = PBXGroup;
			children = (
				9375F959143F5CE7008077AB /* osx */,
			);
			path = lib;
			sourceTree = "<group>";
		};
		9375F959143F5CE7008077AB /* osx */ = {
			isa = PBXGroup;
			children = (
				9375F95A143F5CE7008077AB /* opencv.a */,
			);
			path = osx;
			sourceTree = "<group>";
		};
		9375F95B143F5CE7008077AB /* src */ = {
			isa = PBXGroup;
			children = (
				9375F95C143F5CE7008077AB /* ofxCvBlob.h */,
				9375F95D143F5CE7008077AB /* ofxCvColorImage.cpp */,
				9375F95E143F5CE7008077AB /* ofxCvColorImage.h */,
				9375F95F143F5CE7008077AB /* ofxCvConstants.h */,
				9375F960143F5CE7008077AB /* ofxCvContourFinder.cpp */,
				9375F961143F5CE7008077AB /* ofxCvContourFinder.h */,
				9375F962143F5CE7008077AB /* ofxCvFloatImage.cpp */,
				9375F963143F5CE7008077AB /* ofxCvFloatImage.h */,
				9375F964143F5CE7008077AB /* ofxCvGrayscaleImage.cpp */,
				9375F965143F5CE7008077AB /* ofxCvGrayscaleImage.h */,
				9375F966143F5CE7008077AB /* ofxCvHaarFinder.cpp */,
				9375F967143F5CE7008077AB /* ofxCvHaarFinder.h */,
				9375F968143F5CE7008077AB /* ofxCvImage.cpp */,
				9375F969143F5CE7008077AB /* ofxCvImage.h */,
				9375F96A143F5CE7008077AB /* ofxCvMain.h */,
				9375F96B143F5CE7008077AB /* ofxCvShortImage.cpp */,
				9375F96C143F5CE7008077AB /* ofxCvShortImage.h */,
				9375F96D143F5CE7008077AB /* ofxOpenCv.h */,
			);
			path = src;
			sourceTree = "<group>";
		};
		9375F97B143F5E72008077AB /* Quicktime */ = {
			isa = PBXGroup;
			children = (
				9375F97C143F5E7C008077AB /* ffmpeg */,
				9375F97D143F5E7C008077AB /* ffmpeg_readme.txt */,
				9375F97E143F5E7C008077AB /* loading */,
				9375F981143F5E7C008077AB /* saving */,
			);
			name = Quicktime;
			sourceTree = "<group>";
		};
		9375F97E143F5E7C008077AB /* loading */ = {
			isa = PBXGroup;
			children = (
				9375F998143F682F008077AB /* threadMovieLoader.cpp */,
				9375F999143F682F008077AB /* threadMovieLoader.h */,
			);
			name = loading;
			path = aaron/loading;
			sourceTree = "<group>";
		};
		9375F981143F5E7C008077AB /* saving */ = {
			isa = PBXGroup;
			children = (
				9375F9BF143F936D008077AB /* VideoRecordingUtils.cpp */,
				9375F9C0143F936D008077AB /* VideoRecordingUtils.h */,
				9375F98F143F680B008077AB /* ofxQtVideoSaver.cpp */,
				9375F990143F680B008077AB /* ofxQtVideoSaver.h */,
				9375F991143F680B008077AB /* ofxQtVideoSaverH264.cpp */,
				9375F992143F680B008077AB /* ofxQtVideoSaverH264.h */,
			);
			name = saving;
			path = aaron/saving;
			sourceTree = "<group>";
		};
		BB4B014C10F69532006C3DED /* addons */ = {
			isa = PBXGroup;
			children = (
				92AC3A8E146443F1005B8029 /* ofxXmlSettings */,
				934680A71454F0FF00CD6E1A /* ofxTween */,
				9375F903143F5CE7008077AB /* ofxOpenCv */,
			);
			name = addons;
			sourceTree = "<group>";
		};
		BBAB23C913894ECA00AA2426 /* system frameworks */ = {
			isa = PBXGroup;
			children = (
				93E65CA0143100600077ED48 /* libz.dylib */,
				93E65C9E1431004A0077ED48 /* SystemConfiguration.framework */,
				93E65C1D143004880077ED48 /* CoreVideo.framework */,
				E4C2424410CC5A17004149E2 /* AppKit.framework */,
				E4C2424510CC5A17004149E2 /* Cocoa.framework */,
				E4C2424610CC5A17004149E2 /* IOKit.framework */,
				E45BE9710E8CC7DD009D7055 /* AGL.framework */,
				E45BE9720E8CC7DD009D7055 /* ApplicationServices.framework */,
				E45BE9730E8CC7DD009D7055 /* AudioToolbox.framework */,
				E45BE9740E8CC7DD009D7055 /* Carbon.framework */,
				E45BE9750E8CC7DD009D7055 /* CoreAudio.framework */,
				E45BE9760E8CC7DD009D7055 /* CoreFoundation.framework */,
				E45BE9770E8CC7DD009D7055 /* CoreServices.framework */,
				E45BE9790E8CC7DD009D7055 /* OpenGL.framework */,
				E45BE97A0E8CC7DD009D7055 /* QuickTime.framework */,
			);
			name = "system frameworks";
			sourceTree = "<group>";
		};
		BBAB23CA13894EDB00AA2426 /* 3rd party frameworks */ = {
			isa = PBXGroup;
			children = (
				BBAB23BE13894E4700AA2426 /* GLUT.framework */,
			);
			name = "3rd party frameworks";
			sourceTree = "<group>";
		};
		E4328144138ABC890047C5CB /* Products */ = {
			isa = PBXGroup;
			children = (
				E4328148138ABC890047C5CB /* openFrameworks.a */,
			);
			name = Products;
			sourceTree = "<group>";
		};
		E45BE5980E8CC70C009D7055 /* frameworks */ = {
			isa = PBXGroup;
			children = (
				BBAB23CA13894EDB00AA2426 /* 3rd party frameworks */,
				BBAB23C913894ECA00AA2426 /* system frameworks */,
			);
			name = frameworks;
			sourceTree = "<group>";
		};
		E4B69B4A0A3A1720003C02F2 = {
			isa = PBXGroup;
			children = (
				933D4041143BA59000D26894 /* ASIHTTPRequest */,
				933D3F80143BA55B00D26894 /* TouchJSON */,
				E4B6FCAD0C3E899E008CF71C /* openFrameworks-Info.plist */,
				E4EB6923138AFD0F00A09F29 /* Project.xcconfig */,
				E4B69E1C0A3A1BDC003C02F2 /* src */,
				E4EEC9E9138DF44700A80321 /* openFrameworks */,
				BB4B014C10F69532006C3DED /* addons */,
				E45BE5980E8CC70C009D7055 /* frameworks */,
				E4B69B5B0A3A1756003C02F2 /* DanceCaptureDebug.app */,
			);
			sourceTree = "<group>";
		};
		E4B69E1C0A3A1BDC003C02F2 /* src */ = {
			isa = PBXGroup;
			children = (
				92AC3A2B14642A7E005B8029 /* utf8_help */,
				9375F97B143F5E72008077AB /* Quicktime */,
				E4B69E1D0A3A1BDC003C02F2 /* main.mm */,
				E4B69E1E0A3A1BDC003C02F2 /* testApp.mm */,
				E4B69E1F0A3A1BDC003C02F2 /* testApp.h */,
				93E65BE7142F82CF0077ED48 /* Helper.h */,
				93E65BE8142F82CF0077ED48 /* Helper.mm */,
				92AC3A8A146441B0005B8029 /* citySelector.h */,
				92AC3A8B146441B0005B8029 /* citySelector.cpp */,
				933D3F68143A648D00D26894 /* PreviewView.cpp */,
				933D3F6A143A649700D26894 /* PreviewView.h */,
				933D3F6C143A67D600D26894 /* TapView.h */,
				933D3F6D143A67E200D26894 /* TapView.cpp */,
				9353FB031451F66500EA6BE9 /* EmailView.h */,
				9353FB041451F6B600EA6BE9 /* EmailView.cpp */,
			);
			path = src;
			sourceTree = SOURCE_ROOT;
		};
		E4EEC9E9138DF44700A80321 /* openFrameworks */ = {
			isa = PBXGroup;
			children = (
				E4EB691F138AFCF100A09F29 /* CoreOF.xcconfig */,
				E4328143138ABC890047C5CB /* openFrameworksLib.xcodeproj */,
			);
			name = openFrameworks;
			sourceTree = "<group>";
		};
/* End PBXGroup section */

/* Begin PBXNativeTarget section */
		E4B69B5A0A3A1756003C02F2 /* DanceCapture */ = {
			isa = PBXNativeTarget;
			buildConfigurationList = E4B69B5F0A3A1757003C02F2 /* Build configuration list for PBXNativeTarget "DanceCapture" */;
			buildPhases = (
				E4B69B580A3A1756003C02F2 /* Sources */,
				E4B69B590A3A1756003C02F2 /* Frameworks */,
				E4B6FFFD0C3F9AB9008CF71C /* ShellScript */,
				E4C2427710CC5ABF004149E2 /* CopyFiles */,
			);
			buildRules = (
			);
			dependencies = (
				E4EEB9AC138B136A00A80321 /* PBXTargetDependency */,
			);
			name = DanceCapture;
			productName = myOFApp;
			productReference = E4B69B5B0A3A1756003C02F2 /* DanceCaptureDebug.app */;
			productType = "com.apple.product-type.application";
		};
/* End PBXNativeTarget section */

/* Begin PBXProject section */
		E4B69B4C0A3A1720003C02F2 /* Project object */ = {
			isa = PBXProject;
			buildConfigurationList = E4B69B4D0A3A1720003C02F2 /* Build configuration list for PBXProject "emptyExample" */;
			compatibilityVersion = "Xcode 2.4";
			developmentRegion = English;
			hasScannedForEncodings = 0;
			knownRegions = (
				English,
				Japanese,
				French,
				German,
			);
			mainGroup = E4B69B4A0A3A1720003C02F2;
			productRefGroup = E4B69B4A0A3A1720003C02F2;
			projectDirPath = "";
			projectReferences = (
				{
					ProductGroup = E4328144138ABC890047C5CB /* Products */;
					ProjectRef = E4328143138ABC890047C5CB /* openFrameworksLib.xcodeproj */;
				},
			);
			projectRoot = "";
			targets = (
				E4B69B5A0A3A1756003C02F2 /* DanceCapture */,
			);
		};
/* End PBXProject section */

/* Begin PBXReferenceProxy section */
		E4328148138ABC890047C5CB /* openFrameworks.a */ = {
			isa = PBXReferenceProxy;
			fileType = archive.ar;
			path = openFrameworks.a;
			remoteRef = E4328147138ABC890047C5CB /* PBXContainerItemProxy */;
			sourceTree = BUILT_PRODUCTS_DIR;
		};
/* End PBXReferenceProxy section */

/* Begin PBXShellScriptBuildPhase section */
		E4B6FFFD0C3F9AB9008CF71C /* ShellScript */ = {
			isa = PBXShellScriptBuildPhase;
			buildActionMask = 2147483647;
			files = (
			);
			inputPaths = (
			);
			outputPaths = (
			);
			runOnlyForDeploymentPostprocessing = 0;
			shellPath = /bin/sh;
			shellScript = "cp -f ../../../libs/fmodex/lib/osx/libfmodex.dylib \"$TARGET_BUILD_DIR/$PRODUCT_NAME.app/Contents/MacOS/libfmodex.dylib\"; install_name_tool -change ./libfmodex.dylib @executable_path/libfmodex.dylib \"$TARGET_BUILD_DIR/$PRODUCT_NAME.app/Contents/MacOS/$PRODUCT_NAME\";";
		};
/* End PBXShellScriptBuildPhase section */

/* Begin PBXSourcesBuildPhase section */
		E4B69B580A3A1756003C02F2 /* Sources */ = {
			isa = PBXSourcesBuildPhase;
			buildActionMask = 2147483647;
			files = (
				E4B69E200A3A1BDC003C02F2 /* main.mm in Sources */,
				E4B69E210A3A1BDC003C02F2 /* testApp.mm in Sources */,
				93E65BE9142F82CF0077ED48 /* Helper.mm in Sources */,
				933D3F69143A648D00D26894 /* PreviewView.cpp in Sources */,
				933D3F6E143A67E200D26894 /* TapView.cpp in Sources */,
				933D4021143BA55B00D26894 /* CDataScanner.m in Sources */,
				933D4022143BA55B00D26894 /* CFilteringJSONSerializer.m in Sources */,
				933D4023143BA55B00D26894 /* CJSONDeserializer_BlocksExtensions.m in Sources */,
				933D4024143BA55B00D26894 /* CJSONSerialization.m in Sources */,
				933D4025143BA55B00D26894 /* CJSONSerializedData.m in Sources */,
				933D4026143BA55B00D26894 /* CDataScanner_Extensions.m in Sources */,
				933D4027143BA55B00D26894 /* NSDictionary_JSONExtensions.m in Sources */,
				933D4028143BA55B00D26894 /* CJSONDeserializer.m in Sources */,
				933D4029143BA55B00D26894 /* CJSONScanner.m in Sources */,
				933D402A143BA55B00D26894 /* CJSONSerializer.m in Sources */,
				933D4110143BA59000D26894 /* ASIDataCompressor.m in Sources */,
				933D4111143BA59000D26894 /* ASIDataDecompressor.m in Sources */,
				933D4112143BA59000D26894 /* ASIDownloadCache.m in Sources */,
				933D4113143BA59000D26894 /* ASIFormDataRequest.m in Sources */,
				933D4114143BA59000D26894 /* ASIHTTPRequest.m in Sources */,
				933D4115143BA59000D26894 /* ASIInputStream.m in Sources */,
				933D4116143BA59000D26894 /* ASINetworkQueue.m in Sources */,
				9375F96F143F5CE7008077AB /* ofxCvColorImage.cpp in Sources */,
				9375F970143F5CE7008077AB /* ofxCvContourFinder.cpp in Sources */,
				9375F971143F5CE7008077AB /* ofxCvFloatImage.cpp in Sources */,
				9375F972143F5CE7008077AB /* ofxCvGrayscaleImage.cpp in Sources */,
				9375F973143F5CE7008077AB /* ofxCvHaarFinder.cpp in Sources */,
				9375F974143F5CE7008077AB /* ofxCvImage.cpp in Sources */,
				9375F975143F5CE7008077AB /* ofxCvShortImage.cpp in Sources */,
				9375F995143F680B008077AB /* ofxQtVideoSaver.cpp in Sources */,
				9375F996143F680B008077AB /* ofxQtVideoSaverH264.cpp in Sources */,
				9375F99A143F682F008077AB /* threadMovieLoader.cpp in Sources */,
				9375F9C1143F936D008077AB /* VideoRecordingUtils.cpp in Sources */,
				9353FB051451F6B600EA6BE9 /* EmailView.cpp in Sources */,
				9346813A1454F10000CD6E1A /* ofxEasing.cpp in Sources */,
				9346813B1454F10000CD6E1A /* ofxEasingBack.cpp in Sources */,
				9346813C1454F10000CD6E1A /* ofxEasingBounce.cpp in Sources */,
				9346813D1454F10000CD6E1A /* ofxEasingCirc.cpp in Sources */,
				9346813E1454F10000CD6E1A /* ofxEasingCubic.cpp in Sources */,
				9346813F1454F10000CD6E1A /* ofxEasingElastic.cpp in Sources */,
				934681401454F10000CD6E1A /* ofxEasingExpo.cpp in Sources */,
				934681411454F10000CD6E1A /* ofxEasingLinear.cpp in Sources */,
				934681421454F10000CD6E1A /* ofxEasingQuad.cpp in Sources */,
				934681431454F10000CD6E1A /* ofxEasingQuart.cpp in Sources */,
				934681441454F10000CD6E1A /* ofxEasingQuint.cpp in Sources */,
				934681451454F10000CD6E1A /* ofxEasingSine.cpp in Sources */,
				934681461454F10000CD6E1A /* ofxTween.cpp in Sources */,
				92AC3A2E14642A7E005B8029 /* typer.cpp in Sources */,
				92AC3A8C146441B0005B8029 /* citySelector.cpp in Sources */,
				92AC3A98146443F1005B8029 /* tinyxml.cpp in Sources */,
				92AC3A99146443F1005B8029 /* tinyxmlerror.cpp in Sources */,
				92AC3A9A146443F1005B8029 /* tinyxmlparser.cpp in Sources */,
				92AC3A9B146443F1005B8029 /* ofxXmlSettings.cpp in Sources */,
			);
			runOnlyForDeploymentPostprocessing = 0;
		};
/* End PBXSourcesBuildPhase section */

/* Begin PBXTargetDependency section */
		E4EEB9AC138B136A00A80321 /* PBXTargetDependency */ = {
			isa = PBXTargetDependency;
			name = openFrameworks;
			targetProxy = E4EEB9AB138B136A00A80321 /* PBXContainerItemProxy */;
		};
/* End PBXTargetDependency section */

/* Begin XCBuildConfiguration section */
		E4B69B4E0A3A1720003C02F2 /* Debug */ = {
			isa = XCBuildConfiguration;
			baseConfigurationReference = E4EB6923138AFD0F00A09F29 /* Project.xcconfig */;
			buildSettings = {
				ARCHS = "$(NATIVE_ARCH)";
				CONFIGURATION_BUILD_DIR = "$(SRCROOT)/bin/";
				COPY_PHASE_STRIP = NO;
				DEAD_CODE_STRIPPING = YES;
				GCC_AUTO_VECTORIZATION = YES;
				GCC_ENABLE_SSE3_EXTENSIONS = YES;
				GCC_ENABLE_SUPPLEMENTAL_SSE3_INSTRUCTIONS = YES;
				GCC_INLINES_ARE_PRIVATE_EXTERN = NO;
				GCC_MODEL_TUNING = G5;
				GCC_SYMBOLS_PRIVATE_EXTERN = NO;
				GCC_VERSION = "";
				GCC_WARN_ABOUT_DEPRECATED_FUNCTIONS = NO;
				GCC_WARN_ABOUT_INVALID_OFFSETOF_MACRO = NO;
				GCC_WARN_ALLOW_INCOMPLETE_PROTOCOL = NO;
				GCC_WARN_UNINITIALIZED_AUTOS = NO;
				GCC_WARN_UNUSED_VALUE = NO;
				GCC_WARN_UNUSED_VARIABLE = NO;
				OTHER_CPLUSPLUSFLAGS = (
					"-D__MACOSX_CORE__",
					"-lpthread",
				);
				SDKROOT = "$(DEVELOPER_SDK_DIR)/MacOSX10.6.sdk";
			};
			name = Debug;
		};
		E4B69B4F0A3A1720003C02F2 /* Release */ = {
			isa = XCBuildConfiguration;
			baseConfigurationReference = E4EB6923138AFD0F00A09F29 /* Project.xcconfig */;
			buildSettings = {
				ARCHS = "$(NATIVE_ARCH)";
				CONFIGURATION_BUILD_DIR = "$(SRCROOT)/bin/";
				COPY_PHASE_STRIP = YES;
				DEAD_CODE_STRIPPING = YES;
				GCC_AUTO_VECTORIZATION = YES;
				GCC_ENABLE_SSE3_EXTENSIONS = YES;
				GCC_ENABLE_SUPPLEMENTAL_SSE3_INSTRUCTIONS = YES;
				GCC_INLINES_ARE_PRIVATE_EXTERN = NO;
				GCC_MODEL_TUNING = G5;
				GCC_OPTIMIZATION_LEVEL = 3;
				GCC_SYMBOLS_PRIVATE_EXTERN = NO;
				GCC_UNROLL_LOOPS = YES;
				GCC_VERSION = "";
				GCC_WARN_ABOUT_DEPRECATED_FUNCTIONS = NO;
				GCC_WARN_ABOUT_INVALID_OFFSETOF_MACRO = NO;
				GCC_WARN_ALLOW_INCOMPLETE_PROTOCOL = NO;
				GCC_WARN_UNINITIALIZED_AUTOS = NO;
				GCC_WARN_UNUSED_VALUE = NO;
				GCC_WARN_UNUSED_VARIABLE = NO;
				OTHER_CPLUSPLUSFLAGS = (
					"-D__MACOSX_CORE__",
					"-lpthread",
				);
				SDKROOT = "$(DEVELOPER_SDK_DIR)/MacOSX10.6.sdk";
			};
			name = Release;
		};
		E4B69B600A3A1757003C02F2 /* Debug */ = {
			isa = XCBuildConfiguration;
			buildSettings = {
				COPY_PHASE_STRIP = NO;
				FRAMEWORK_SEARCH_PATHS = (
					"$(inherited)",
					"$(FRAMEWORK_SEARCH_PATHS_QUOTED_FOR_TARGET_1)",
				);
				FRAMEWORK_SEARCH_PATHS_QUOTED_FOR_TARGET_1 = "\"$(SRCROOT)/../../../libs/glut/lib/osx\"";
				GCC_C_LANGUAGE_STANDARD = c99;
				GCC_DYNAMIC_NO_PIC = NO;
				GCC_ENABLE_FIX_AND_CONTINUE = YES;
				GCC_GENERATE_DEBUGGING_SYMBOLS = YES;
				GCC_MODEL_TUNING = G4;
				GCC_PRECOMPILE_PREFIX_HEADER = YES;
				GCC_PREFIX_HEADER = "$(SYSTEM_LIBRARY_DIR)/Frameworks/Carbon.framework/Headers/Carbon.h";
				HEADER_SEARCH_PATHS = (
					"$(OF_CORE_HEADERS)",
					"$(OF_PATH)/addons/ofxOpenCv/src",
					"$(OF_PATH)/addons/ofxOpenCv/libs/opencv/include",
					"$(OF_PATH)/addons/ofxOpenCv/libs/opencv/include/opencv",
				);
				INFOPLIST_FILE = "openFrameworks-Info.plist";
				INSTALL_PATH = "$(HOME)/Applications";
				LIBRARY_SEARCH_PATHS = (
					"$(inherited)",
					"$(LIBRARY_SEARCH_PATHS_QUOTED_FOR_TARGET_1)",
					"$(LIBRARY_SEARCH_PATHS_QUOTED_FOR_TARGET_2)",
					"$(LIBRARY_SEARCH_PATHS_QUOTED_FOR_TARGET_3)",
					"$(LIBRARY_SEARCH_PATHS_QUOTED_FOR_TARGET_4)",
					"$(LIBRARY_SEARCH_PATHS_QUOTED_FOR_TARGET_5)",
					"$(LIBRARY_SEARCH_PATHS_QUOTED_FOR_TARGET_6)",
					"$(LIBRARY_SEARCH_PATHS_QUOTED_FOR_TARGET_7)",
					"$(LIBRARY_SEARCH_PATHS_QUOTED_FOR_TARGET_8)",
					"$(LIBRARY_SEARCH_PATHS_QUOTED_FOR_TARGET_9)",
					"$(LIBRARY_SEARCH_PATHS_QUOTED_FOR_TARGET_10)",
					"$(LIBRARY_SEARCH_PATHS_QUOTED_FOR_TARGET_11)",
					"$(LIBRARY_SEARCH_PATHS_QUOTED_FOR_TARGET_12)",
					"$(LIBRARY_SEARCH_PATHS_QUOTED_FOR_TARGET_13)",
					"$(LIBRARY_SEARCH_PATHS_QUOTED_FOR_TARGET_14)",
					"$(LIBRARY_SEARCH_PATHS_QUOTED_FOR_TARGET_15)",
					"$(LIBRARY_SEARCH_PATHS_QUOTED_FOR_TARGET_2)",
					"$(LIBRARY_SEARCH_PATHS_QUOTED_FOR_TARGET_3)",
					"$(LIBRARY_SEARCH_PATHS_QUOTED_FOR_TARGET_7)",
					"$(LIBRARY_SEARCH_PATHS_QUOTED_FOR_TARGET_8)",
					"$(LIBRARY_SEARCH_PATHS_QUOTED_FOR_TARGET_9)",
					"$(LIBRARY_SEARCH_PATHS_QUOTED_FOR_TARGET_10)",
					"$(LIBRARY_SEARCH_PATHS_QUOTED_FOR_TARGET_11)",
					"$(LIBRARY_SEARCH_PATHS_QUOTED_FOR_TARGET_12)",
					"$(LIBRARY_SEARCH_PATHS_QUOTED_FOR_TARGET_13)",
					"$(LIBRARY_SEARCH_PATHS_QUOTED_FOR_TARGET_16)",
					"$(LIBRARY_SEARCH_PATHS_QUOTED_FOR_TARGET_17)",
					"$(LIBRARY_SEARCH_PATHS_QUOTED_FOR_TARGET_18)",
					"$(LIBRARY_SEARCH_PATHS_QUOTED_FOR_TARGET_19)",
					"$(LIBRARY_SEARCH_PATHS_QUOTED_FOR_TARGET_20)",
					"$(LIBRARY_SEARCH_PATHS_QUOTED_FOR_TARGET_21)",
					"$(LIBRARY_SEARCH_PATHS_QUOTED_FOR_TARGET_22)",
					"$(LIBRARY_SEARCH_PATHS_QUOTED_FOR_TARGET_23)",
					"$(LIBRARY_SEARCH_PATHS_QUOTED_FOR_TARGET_24)",
					"$(LIBRARY_SEARCH_PATHS_QUOTED_FOR_TARGET_25)",
					"$(LIBRARY_SEARCH_PATHS_QUOTED_FOR_TARGET_26)",
					"$(LIBRARY_SEARCH_PATHS_QUOTED_FOR_TARGET_27)",
					"$(LIBRARY_SEARCH_PATHS_QUOTED_FOR_TARGET_28)",
					"$(LIBRARY_SEARCH_PATHS_QUOTED_FOR_TARGET_29)",
					"$(LIBRARY_SEARCH_PATHS_QUOTED_FOR_TARGET_30)",
					"$(LIBRARY_SEARCH_PATHS_QUOTED_FOR_TARGET_31)",
					"$(LIBRARY_SEARCH_PATHS_QUOTED_FOR_TARGET_32)",
					"$(LIBRARY_SEARCH_PATHS_QUOTED_FOR_TARGET_33)",
					"$(LIBRARY_SEARCH_PATHS_QUOTED_FOR_TARGET_34)",
					"$(LIBRARY_SEARCH_PATHS_QUOTED_FOR_TARGET_35)",
					"$(LIBRARY_SEARCH_PATHS_QUOTED_FOR_TARGET_36)",
					"$(LIBRARY_SEARCH_PATHS_QUOTED_FOR_TARGET_37)",
					"$(LIBRARY_SEARCH_PATHS_QUOTED_FOR_TARGET_38)",
					"$(LIBRARY_SEARCH_PATHS_QUOTED_FOR_TARGET_39)",
					"$(LIBRARY_SEARCH_PATHS_QUOTED_FOR_TARGET_40)",
					"$(LIBRARY_SEARCH_PATHS_QUOTED_FOR_TARGET_41)",
					"$(LIBRARY_SEARCH_PATHS_QUOTED_FOR_TARGET_42)",
					"$(LIBRARY_SEARCH_PATHS_QUOTED_FOR_TARGET_43)",
					"$(LIBRARY_SEARCH_PATHS_QUOTED_FOR_TARGET_44)",
					"$(LIBRARY_SEARCH_PATHS_QUOTED_FOR_TARGET_45)",
					"$(LIBRARY_SEARCH_PATHS_QUOTED_FOR_TARGET_46)",
					"$(LIBRARY_SEARCH_PATHS_QUOTED_FOR_TARGET_47)",
					"$(LIBRARY_SEARCH_PATHS_QUOTED_FOR_TARGET_48)",
					"$(LIBRARY_SEARCH_PATHS_QUOTED_FOR_TARGET_49)",
					"$(LIBRARY_SEARCH_PATHS_QUOTED_FOR_TARGET_50)",
					"$(LIBRARY_SEARCH_PATHS_QUOTED_FOR_TARGET_51)",
					"$(LIBRARY_SEARCH_PATHS_QUOTED_FOR_TARGET_52)",
					"$(LIBRARY_SEARCH_PATHS_QUOTED_FOR_TARGET_1)",
				);
				LIBRARY_SEARCH_PATHS_QUOTED_FOR_TARGET_1 = "\"$(SRCROOT)/../../../addons/ofxOpenCv/libs/opencv/lib/osx\"";
				PREBINDING = NO;
				PRODUCT_NAME = "$(TARGET_NAME)Debug";
				SDKROOT = "$(DEVELOPER_SDK_DIR)/MacOSX10.6.sdk";
				WRAPPER_EXTENSION = app;
			};
			name = Debug;
		};
		E4B69B610A3A1757003C02F2 /* Release */ = {
			isa = XCBuildConfiguration;
			buildSettings = {
				COPY_PHASE_STRIP = YES;
				FRAMEWORK_SEARCH_PATHS = (
					"$(inherited)",
					"$(FRAMEWORK_SEARCH_PATHS_QUOTED_FOR_TARGET_1)",
				);
				FRAMEWORK_SEARCH_PATHS_QUOTED_FOR_TARGET_1 = "\"$(SRCROOT)/../../../libs/glut/lib/osx\"";
				GCC_C_LANGUAGE_STANDARD = c99;
				GCC_ENABLE_FIX_AND_CONTINUE = NO;
				GCC_GENERATE_DEBUGGING_SYMBOLS = NO;
				GCC_MODEL_TUNING = G4;
				GCC_PRECOMPILE_PREFIX_HEADER = YES;
				GCC_PREFIX_HEADER = "$(SYSTEM_LIBRARY_DIR)/Frameworks/Carbon.framework/Headers/Carbon.h";
				HEADER_SEARCH_PATHS = (
					"$(OF_CORE_HEADERS)",
					"$(OF_PATH)/addons/ofxOpenCv/src",
					"$(OF_PATH)/addons/ofxOpenCv/libs/opencv/include",
					"$(OF_PATH)/addons/ofxOpenCv/libs/opencv/include/opencv",
				);
				INFOPLIST_FILE = "openFrameworks-Info.plist";
				INSTALL_PATH = "$(HOME)/Applications";
				LIBRARY_SEARCH_PATHS = (
					"$(inherited)",
					"$(LIBRARY_SEARCH_PATHS_QUOTED_FOR_TARGET_1)",
					"$(LIBRARY_SEARCH_PATHS_QUOTED_FOR_TARGET_2)",
					"$(LIBRARY_SEARCH_PATHS_QUOTED_FOR_TARGET_3)",
					"$(LIBRARY_SEARCH_PATHS_QUOTED_FOR_TARGET_4)",
					"$(LIBRARY_SEARCH_PATHS_QUOTED_FOR_TARGET_5)",
					"$(LIBRARY_SEARCH_PATHS_QUOTED_FOR_TARGET_6)",
					"$(LIBRARY_SEARCH_PATHS_QUOTED_FOR_TARGET_7)",
					"$(LIBRARY_SEARCH_PATHS_QUOTED_FOR_TARGET_8)",
					"$(LIBRARY_SEARCH_PATHS_QUOTED_FOR_TARGET_9)",
					"$(LIBRARY_SEARCH_PATHS_QUOTED_FOR_TARGET_10)",
					"$(LIBRARY_SEARCH_PATHS_QUOTED_FOR_TARGET_11)",
					"$(LIBRARY_SEARCH_PATHS_QUOTED_FOR_TARGET_12)",
					"$(LIBRARY_SEARCH_PATHS_QUOTED_FOR_TARGET_13)",
					"$(LIBRARY_SEARCH_PATHS_QUOTED_FOR_TARGET_14)",
					"$(LIBRARY_SEARCH_PATHS_QUOTED_FOR_TARGET_15)",
					"$(LIBRARY_SEARCH_PATHS_QUOTED_FOR_TARGET_2)",
					"$(LIBRARY_SEARCH_PATHS_QUOTED_1)",
					"$(LIBRARY_SEARCH_PATHS_QUOTED_FOR_TARGET_3)",
					"$(LIBRARY_SEARCH_PATHS_QUOTED_FOR_TARGET_7)",
					"$(LIBRARY_SEARCH_PATHS_QUOTED_FOR_TARGET_8)",
					"$(LIBRARY_SEARCH_PATHS_QUOTED_FOR_TARGET_9)",
					"$(LIBRARY_SEARCH_PATHS_QUOTED_FOR_TARGET_10)",
					"$(LIBRARY_SEARCH_PATHS_QUOTED_FOR_TARGET_11)",
					"$(LIBRARY_SEARCH_PATHS_QUOTED_FOR_TARGET_12)",
					"$(LIBRARY_SEARCH_PATHS_QUOTED_FOR_TARGET_13)",
					"$(LIBRARY_SEARCH_PATHS_QUOTED_FOR_TARGET_16)",
					"$(LIBRARY_SEARCH_PATHS_QUOTED_FOR_TARGET_17)",
					"$(LIBRARY_SEARCH_PATHS_QUOTED_FOR_TARGET_18)",
					"$(LIBRARY_SEARCH_PATHS_QUOTED_FOR_TARGET_19)",
					"$(LIBRARY_SEARCH_PATHS_QUOTED_FOR_TARGET_20)",
					"$(LIBRARY_SEARCH_PATHS_QUOTED_FOR_TARGET_21)",
					"$(LIBRARY_SEARCH_PATHS_QUOTED_FOR_TARGET_22)",
					"$(LIBRARY_SEARCH_PATHS_QUOTED_FOR_TARGET_23)",
					"$(LIBRARY_SEARCH_PATHS_QUOTED_FOR_TARGET_24)",
					"$(LIBRARY_SEARCH_PATHS_QUOTED_FOR_TARGET_25)",
					"$(LIBRARY_SEARCH_PATHS_QUOTED_FOR_TARGET_26)",
					"$(LIBRARY_SEARCH_PATHS_QUOTED_FOR_TARGET_27)",
					"$(LIBRARY_SEARCH_PATHS_QUOTED_FOR_TARGET_28)",
					"$(LIBRARY_SEARCH_PATHS_QUOTED_FOR_TARGET_29)",
					"$(LIBRARY_SEARCH_PATHS_QUOTED_FOR_TARGET_30)",
					"$(LIBRARY_SEARCH_PATHS_QUOTED_FOR_TARGET_31)",
					"$(LIBRARY_SEARCH_PATHS_QUOTED_FOR_TARGET_32)",
					"$(LIBRARY_SEARCH_PATHS_QUOTED_FOR_TARGET_33)",
					"$(LIBRARY_SEARCH_PATHS_QUOTED_FOR_TARGET_34)",
					"$(LIBRARY_SEARCH_PATHS_QUOTED_FOR_TARGET_35)",
					"$(LIBRARY_SEARCH_PATHS_QUOTED_FOR_TARGET_36)",
					"$(LIBRARY_SEARCH_PATHS_QUOTED_FOR_TARGET_37)",
					"$(LIBRARY_SEARCH_PATHS_QUOTED_FOR_TARGET_38)",
					"$(LIBRARY_SEARCH_PATHS_QUOTED_FOR_TARGET_39)",
					"$(LIBRARY_SEARCH_PATHS_QUOTED_FOR_TARGET_40)",
					"$(LIBRARY_SEARCH_PATHS_QUOTED_FOR_TARGET_41)",
					"$(LIBRARY_SEARCH_PATHS_QUOTED_FOR_TARGET_42)",
					"$(LIBRARY_SEARCH_PATHS_QUOTED_FOR_TARGET_43)",
					"$(LIBRARY_SEARCH_PATHS_QUOTED_FOR_TARGET_44)",
					"$(LIBRARY_SEARCH_PATHS_QUOTED_FOR_TARGET_45)",
					"$(LIBRARY_SEARCH_PATHS_QUOTED_FOR_TARGET_46)",
					"$(LIBRARY_SEARCH_PATHS_QUOTED_FOR_TARGET_47)",
					"$(LIBRARY_SEARCH_PATHS_QUOTED_FOR_TARGET_48)",
					"$(LIBRARY_SEARCH_PATHS_QUOTED_FOR_TARGET_49)",
					"$(LIBRARY_SEARCH_PATHS_QUOTED_FOR_TARGET_50)",
					"$(LIBRARY_SEARCH_PATHS_QUOTED_FOR_TARGET_51)",
					"$(LIBRARY_SEARCH_PATHS_QUOTED_FOR_TARGET_1)",
				);
				LIBRARY_SEARCH_PATHS_QUOTED_FOR_TARGET_1 = "\"$(SRCROOT)/../../../addons/ofxOpenCv/libs/opencv/lib/osx\"";
				PREBINDING = NO;
				PRODUCT_NAME = "$(TARGET_NAME)";
				SDKROOT = "$(DEVELOPER_SDK_DIR)/MacOSX10.6.sdk";
				WRAPPER_EXTENSION = app;
			};
			name = Release;
		};
/* End XCBuildConfiguration section */

/* Begin XCConfigurationList section */
		E4B69B4D0A3A1720003C02F2 /* Build configuration list for PBXProject "emptyExample" */ = {
			isa = XCConfigurationList;
			buildConfigurations = (
				E4B69B4E0A3A1720003C02F2 /* Debug */,
				E4B69B4F0A3A1720003C02F2 /* Release */,
			);
			defaultConfigurationIsVisible = 0;
			defaultConfigurationName = Release;
		};
		E4B69B5F0A3A1757003C02F2 /* Build configuration list for PBXNativeTarget "DanceCapture" */ = {
			isa = XCConfigurationList;
			buildConfigurations = (
				E4B69B600A3A1757003C02F2 /* Debug */,
				E4B69B610A3A1757003C02F2 /* Release */,
			);
			defaultConfigurationIsVisible = 0;
			defaultConfigurationName = Release;
		};
/* End XCConfigurationList section */
	};
	rootObject = E4B69B4C0A3A1720003C02F2 /* Project object */;
}
